
Microsoft Visual Studio Solution File, Format Version 12.00
# Visual Studio 15
VisualStudioVersion = 15.0.28307.329
MinimumVisualStudioVersion = 10.0.40219.1
Project("{9A19103F-16F7-4668-BE54-9A1E7A4F7556}") = "Messaging", "Messaging\Messaging.csproj", "{05A36578-8DC2-4AFB-B77D-9F6DF6D57A8E}"
EndProject
Project("{2150E333-8FDC-42A3-9474-1A3956D46DE8}") = "Solution Items", "Solution Items", "{111F1675-BAF3-4C27-8F62-E6DC2397263C}"
	ProjectSection(SolutionItems) = preProject
		images\MainPage.JPG = images\MainPage.JPG
		ReadMe.MD = ReadMe.MD
	EndProjectSection
EndProject
Project("{9A19103F-16F7-4668-BE54-9A1E7A4F7556}") = "M2MqttDotnetCore", "M2MqttDotnetCore\M2MqttDotnetCore.csproj", "{2D9BB852-EA2B-412B-AC42-DDEF3806B735}"
EndProject
Project("{9A19103F-16F7-4668-BE54-9A1E7A4F7556}") = "MqttSample.ConsoleApp", "MqttSample.Console\MqttSample.ConsoleApp.csproj", "{E59BA97F-D8D2-4153-BA26-0AD39634D190}"
EndProject
Project("{2150E333-8FDC-42A3-9474-1A3956D46DE8}") = "Samples", "Samples", "{B9208B37-77BF-43AF-8AC2-DBC381D61F41}"
	ProjectSection(SolutionItems) = preProject
		Samples\PahoMqttLetsEncryptPublish.py = Samples\PahoMqttLetsEncryptPublish.py
		Samples\PahoMqttLetsEncryptSubscribe.py = Samples\PahoMqttLetsEncryptSubscribe.py
		Samples\PahoMqttSelfSigned.py = Samples\PahoMqttSelfSigned.py
		Samples\ReadMe.md = Samples\ReadMe.md
	EndProjectSection
EndProject
Project("{9A19103F-16F7-4668-BE54-9A1E7A4F7556}") = "Chkr1011MQTTnet.ConsoleApp", "Chkr1011MQTTnet.ConsoleApp\Chkr1011MQTTnet.ConsoleApp.csproj", "{76D8C378-85C2-4EA7-9BF3-8B7BA4B641F2}"
EndProject
Project("{9A19103F-16F7-4668-BE54-9A1E7A4F7556}") = "RepoDates.ConsoleApp", "RepoDates.ConsoleApp\RepoDates.ConsoleApp.csproj", "{D8C3D127-7989-4EBB-B667-C3DE63865F13}"
EndProject
Project("{9A19103F-16F7-4668-BE54-9A1E7A4F7556}") = "MqttChatApp", "MqttChatApp\MqttChatApp\MqttChatApp.csproj", "{BBADEC48-3DA5-41FB-8AC8-5C65A0956D78}"
EndProject
Project("{FAE04EC0-301F-11D3-BF4B-00C04F79EFBC}") = "MqttChatApp.Android", "MqttChatApp\MqttChatApp.Android\MqttChatApp.Android.csproj", "{BD3177D4-67A8-4BC4-966E-346114C7EB06}"
EndProject
Project("{FAE04EC0-301F-11D3-BF4B-00C04F79EFBC}") = "MqttChatApp.iOS", "MqttChatApp\MqttChatApp.iOS\MqttChatApp.iOS.csproj", "{CF8A9ED8-CAC7-4897-9878-FFF80EF3846B}"
EndProject
Project("{FAE04EC0-301F-11D3-BF4B-00C04F79EFBC}") = "MqttChatApp.UWP", "MqttChatApp\MqttChatApp.UWP\MqttChatApp.UWP.csproj", "{9F1EB146-E82E-4E90-92A4-58916B0D07CC}"
EndProject
Project("{9A19103F-16F7-4668-BE54-9A1E7A4F7556}") = "MqttDataServices", "MqttDataServices\MqttDataServices.csproj", "{82FE5FAC-94A5-47DB-BF5A-D696A0203313}"
EndProject
Project("{9A19103F-16F7-4668-BE54-9A1E7A4F7556}") = "MqttChattApp.Utility", "MqttChatApp.Utility\MqttChattApp.Utility.csproj", "{78742F17-94FF-491C-A1F7-8CE55ECCDB70}"
EndProject
Global
	GlobalSection(SolutionConfigurationPlatforms) = preSolution
		Ad-Hoc|Any CPU = Ad-Hoc|Any CPU
		Ad-Hoc|ARM = Ad-Hoc|ARM
		Ad-Hoc|iPhone = Ad-Hoc|iPhone
		Ad-Hoc|iPhoneSimulator = Ad-Hoc|iPhoneSimulator
		Ad-Hoc|x64 = Ad-Hoc|x64
		Ad-Hoc|x86 = Ad-Hoc|x86
		AppStore|Any CPU = AppStore|Any CPU
		AppStore|ARM = AppStore|ARM
		AppStore|iPhone = AppStore|iPhone
		AppStore|iPhoneSimulator = AppStore|iPhoneSimulator
		AppStore|x64 = AppStore|x64
		AppStore|x86 = AppStore|x86
		Debug|Any CPU = Debug|Any CPU
		Debug|ARM = Debug|ARM
		Debug|iPhone = Debug|iPhone
		Debug|iPhoneSimulator = Debug|iPhoneSimulator
		Debug|x64 = Debug|x64
		Debug|x86 = Debug|x86
		Release|Any CPU = Release|Any CPU
		Release|ARM = Release|ARM
		Release|iPhone = Release|iPhone
		Release|iPhoneSimulator = Release|iPhoneSimulator
		Release|x64 = Release|x64
		Release|x86 = Release|x86
	EndGlobalSection
	GlobalSection(ProjectConfigurationPlatforms) = postSolution
		{05A36578-8DC2-4AFB-B77D-9F6DF6D57A8E}.Ad-Hoc|Any CPU.ActiveCfg = Debug|Any CPU
		{05A36578-8DC2-4AFB-B77D-9F6DF6D57A8E}.Ad-Hoc|Any CPU.Build.0 = Debug|Any CPU
		{05A36578-8DC2-4AFB-B77D-9F6DF6D57A8E}.Ad-Hoc|ARM.ActiveCfg = Debug|Any CPU
		{05A36578-8DC2-4AFB-B77D-9F6DF6D57A8E}.Ad-Hoc|ARM.Build.0 = Debug|Any CPU
		{05A36578-8DC2-4AFB-B77D-9F6DF6D57A8E}.Ad-Hoc|iPhone.ActiveCfg = Debug|Any CPU
		{05A36578-8DC2-4AFB-B77D-9F6DF6D57A8E}.Ad-Hoc|iPhone.Build.0 = Debug|Any CPU
		{05A36578-8DC2-4AFB-B77D-9F6DF6D57A8E}.Ad-Hoc|iPhoneSimulator.ActiveCfg = Debug|Any CPU
		{05A36578-8DC2-4AFB-B77D-9F6DF6D57A8E}.Ad-Hoc|iPhoneSimulator.Build.0 = Debug|Any CPU
		{05A36578-8DC2-4AFB-B77D-9F6DF6D57A8E}.Ad-Hoc|x64.ActiveCfg = Debug|Any CPU
		{05A36578-8DC2-4AFB-B77D-9F6DF6D57A8E}.Ad-Hoc|x64.Build.0 = Debug|Any CPU
		{05A36578-8DC2-4AFB-B77D-9F6DF6D57A8E}.Ad-Hoc|x86.ActiveCfg = Debug|Any CPU
		{05A36578-8DC2-4AFB-B77D-9F6DF6D57A8E}.Ad-Hoc|x86.Build.0 = Debug|Any CPU
		{05A36578-8DC2-4AFB-B77D-9F6DF6D57A8E}.AppStore|Any CPU.ActiveCfg = Debug|Any CPU
		{05A36578-8DC2-4AFB-B77D-9F6DF6D57A8E}.AppStore|Any CPU.Build.0 = Debug|Any CPU
		{05A36578-8DC2-4AFB-B77D-9F6DF6D57A8E}.AppStore|ARM.ActiveCfg = Debug|Any CPU
		{05A36578-8DC2-4AFB-B77D-9F6DF6D57A8E}.AppStore|ARM.Build.0 = Debug|Any CPU
		{05A36578-8DC2-4AFB-B77D-9F6DF6D57A8E}.AppStore|iPhone.ActiveCfg = Debug|Any CPU
		{05A36578-8DC2-4AFB-B77D-9F6DF6D57A8E}.AppStore|iPhone.Build.0 = Debug|Any CPU
		{05A36578-8DC2-4AFB-B77D-9F6DF6D57A8E}.AppStore|iPhoneSimulator.ActiveCfg = Debug|Any CPU
		{05A36578-8DC2-4AFB-B77D-9F6DF6D57A8E}.AppStore|iPhoneSimulator.Build.0 = Debug|Any CPU
		{05A36578-8DC2-4AFB-B77D-9F6DF6D57A8E}.AppStore|x64.ActiveCfg = Debug|Any CPU
		{05A36578-8DC2-4AFB-B77D-9F6DF6D57A8E}.AppStore|x64.Build.0 = Debug|Any CPU
		{05A36578-8DC2-4AFB-B77D-9F6DF6D57A8E}.AppStore|x86.ActiveCfg = Debug|Any CPU
		{05A36578-8DC2-4AFB-B77D-9F6DF6D57A8E}.AppStore|x86.Build.0 = Debug|Any CPU
		{05A36578-8DC2-4AFB-B77D-9F6DF6D57A8E}.Debug|Any CPU.ActiveCfg = Debug|Any CPU
		{05A36578-8DC2-4AFB-B77D-9F6DF6D57A8E}.Debug|Any CPU.Build.0 = Debug|Any CPU
		{05A36578-8DC2-4AFB-B77D-9F6DF6D57A8E}.Debug|ARM.ActiveCfg = Debug|Any CPU
		{05A36578-8DC2-4AFB-B77D-9F6DF6D57A8E}.Debug|ARM.Build.0 = Debug|Any CPU
		{05A36578-8DC2-4AFB-B77D-9F6DF6D57A8E}.Debug|iPhone.ActiveCfg = Debug|Any CPU
		{05A36578-8DC2-4AFB-B77D-9F6DF6D57A8E}.Debug|iPhone.Build.0 = Debug|Any CPU
		{05A36578-8DC2-4AFB-B77D-9F6DF6D57A8E}.Debug|iPhoneSimulator.ActiveCfg = Debug|Any CPU
		{05A36578-8DC2-4AFB-B77D-9F6DF6D57A8E}.Debug|iPhoneSimulator.Build.0 = Debug|Any CPU
		{05A36578-8DC2-4AFB-B77D-9F6DF6D57A8E}.Debug|x64.ActiveCfg = Debug|Any CPU
		{05A36578-8DC2-4AFB-B77D-9F6DF6D57A8E}.Debug|x64.Build.0 = Debug|Any CPU
		{05A36578-8DC2-4AFB-B77D-9F6DF6D57A8E}.Debug|x86.ActiveCfg = Debug|Any CPU
		{05A36578-8DC2-4AFB-B77D-9F6DF6D57A8E}.Debug|x86.Build.0 = Debug|Any CPU
		{05A36578-8DC2-4AFB-B77D-9F6DF6D57A8E}.Release|Any CPU.ActiveCfg = Release|Any CPU
		{05A36578-8DC2-4AFB-B77D-9F6DF6D57A8E}.Release|Any CPU.Build.0 = Release|Any CPU
		{05A36578-8DC2-4AFB-B77D-9F6DF6D57A8E}.Release|ARM.ActiveCfg = Release|Any CPU
		{05A36578-8DC2-4AFB-B77D-9F6DF6D57A8E}.Release|ARM.Build.0 = Release|Any CPU
		{05A36578-8DC2-4AFB-B77D-9F6DF6D57A8E}.Release|iPhone.ActiveCfg = Release|Any CPU
		{05A36578-8DC2-4AFB-B77D-9F6DF6D57A8E}.Release|iPhone.Build.0 = Release|Any CPU
		{05A36578-8DC2-4AFB-B77D-9F6DF6D57A8E}.Release|iPhoneSimulator.ActiveCfg = Release|Any CPU
		{05A36578-8DC2-4AFB-B77D-9F6DF6D57A8E}.Release|iPhoneSimulator.Build.0 = Release|Any CPU
		{05A36578-8DC2-4AFB-B77D-9F6DF6D57A8E}.Release|x64.ActiveCfg = Release|Any CPU
		{05A36578-8DC2-4AFB-B77D-9F6DF6D57A8E}.Release|x64.Build.0 = Release|Any CPU
		{05A36578-8DC2-4AFB-B77D-9F6DF6D57A8E}.Release|x86.ActiveCfg = Release|Any CPU
		{05A36578-8DC2-4AFB-B77D-9F6DF6D57A8E}.Release|x86.Build.0 = Release|Any CPU
		{2D9BB852-EA2B-412B-AC42-DDEF3806B735}.Ad-Hoc|Any CPU.ActiveCfg = Debug|Any CPU
		{2D9BB852-EA2B-412B-AC42-DDEF3806B735}.Ad-Hoc|Any CPU.Build.0 = Debug|Any CPU
		{2D9BB852-EA2B-412B-AC42-DDEF3806B735}.Ad-Hoc|ARM.ActiveCfg = Debug|Any CPU
		{2D9BB852-EA2B-412B-AC42-DDEF3806B735}.Ad-Hoc|ARM.Build.0 = Debug|Any CPU
		{2D9BB852-EA2B-412B-AC42-DDEF3806B735}.Ad-Hoc|iPhone.ActiveCfg = Debug|Any CPU
		{2D9BB852-EA2B-412B-AC42-DDEF3806B735}.Ad-Hoc|iPhone.Build.0 = Debug|Any CPU
		{2D9BB852-EA2B-412B-AC42-DDEF3806B735}.Ad-Hoc|iPhoneSimulator.ActiveCfg = Debug|Any CPU
		{2D9BB852-EA2B-412B-AC42-DDEF3806B735}.Ad-Hoc|iPhoneSimulator.Build.0 = Debug|Any CPU
		{2D9BB852-EA2B-412B-AC42-DDEF3806B735}.Ad-Hoc|x64.ActiveCfg = Debug|Any CPU
		{2D9BB852-EA2B-412B-AC42-DDEF3806B735}.Ad-Hoc|x64.Build.0 = Debug|Any CPU
		{2D9BB852-EA2B-412B-AC42-DDEF3806B735}.Ad-Hoc|x86.ActiveCfg = Debug|Any CPU
		{2D9BB852-EA2B-412B-AC42-DDEF3806B735}.Ad-Hoc|x86.Build.0 = Debug|Any CPU
		{2D9BB852-EA2B-412B-AC42-DDEF3806B735}.AppStore|Any CPU.ActiveCfg = Debug|Any CPU
		{2D9BB852-EA2B-412B-AC42-DDEF3806B735}.AppStore|Any CPU.Build.0 = Debug|Any CPU
		{2D9BB852-EA2B-412B-AC42-DDEF3806B735}.AppStore|ARM.ActiveCfg = Debug|Any CPU
		{2D9BB852-EA2B-412B-AC42-DDEF3806B735}.AppStore|ARM.Build.0 = Debug|Any CPU
		{2D9BB852-EA2B-412B-AC42-DDEF3806B735}.AppStore|iPhone.ActiveCfg = Debug|Any CPU
		{2D9BB852-EA2B-412B-AC42-DDEF3806B735}.AppStore|iPhone.Build.0 = Debug|Any CPU
		{2D9BB852-EA2B-412B-AC42-DDEF3806B735}.AppStore|iPhoneSimulator.ActiveCfg = Debug|Any CPU
		{2D9BB852-EA2B-412B-AC42-DDEF3806B735}.AppStore|iPhoneSimulator.Build.0 = Debug|Any CPU
		{2D9BB852-EA2B-412B-AC42-DDEF3806B735}.AppStore|x64.ActiveCfg = Debug|Any CPU
		{2D9BB852-EA2B-412B-AC42-DDEF3806B735}.AppStore|x64.Build.0 = Debug|Any CPU
		{2D9BB852-EA2B-412B-AC42-DDEF3806B735}.AppStore|x86.ActiveCfg = Debug|Any CPU
		{2D9BB852-EA2B-412B-AC42-DDEF3806B735}.AppStore|x86.Build.0 = Debug|Any CPU
		{2D9BB852-EA2B-412B-AC42-DDEF3806B735}.Debug|Any CPU.ActiveCfg = Debug|Any CPU
		{2D9BB852-EA2B-412B-AC42-DDEF3806B735}.Debug|Any CPU.Build.0 = Debug|Any CPU
		{2D9BB852-EA2B-412B-AC42-DDEF3806B735}.Debug|ARM.ActiveCfg = Debug|Any CPU
		{2D9BB852-EA2B-412B-AC42-DDEF3806B735}.Debug|ARM.Build.0 = Debug|Any CPU
		{2D9BB852-EA2B-412B-AC42-DDEF3806B735}.Debug|iPhone.ActiveCfg = Debug|Any CPU
		{2D9BB852-EA2B-412B-AC42-DDEF3806B735}.Debug|iPhone.Build.0 = Debug|Any CPU
		{2D9BB852-EA2B-412B-AC42-DDEF3806B735}.Debug|iPhoneSimulator.ActiveCfg = Debug|Any CPU
		{2D9BB852-EA2B-412B-AC42-DDEF3806B735}.Debug|iPhoneSimulator.Build.0 = Debug|Any CPU
		{2D9BB852-EA2B-412B-AC42-DDEF3806B735}.Debug|x64.ActiveCfg = Debug|Any CPU
		{2D9BB852-EA2B-412B-AC42-DDEF3806B735}.Debug|x64.Build.0 = Debug|Any CPU
		{2D9BB852-EA2B-412B-AC42-DDEF3806B735}.Debug|x86.ActiveCfg = Debug|Any CPU
		{2D9BB852-EA2B-412B-AC42-DDEF3806B735}.Debug|x86.Build.0 = Debug|Any CPU
		{2D9BB852-EA2B-412B-AC42-DDEF3806B735}.Release|Any CPU.ActiveCfg = Release|Any CPU
		{2D9BB852-EA2B-412B-AC42-DDEF3806B735}.Release|Any CPU.Build.0 = Release|Any CPU
		{2D9BB852-EA2B-412B-AC42-DDEF3806B735}.Release|ARM.ActiveCfg = Release|Any CPU
		{2D9BB852-EA2B-412B-AC42-DDEF3806B735}.Release|ARM.Build.0 = Release|Any CPU
		{2D9BB852-EA2B-412B-AC42-DDEF3806B735}.Release|iPhone.ActiveCfg = Release|Any CPU
		{2D9BB852-EA2B-412B-AC42-DDEF3806B735}.Release|iPhone.Build.0 = Release|Any CPU
		{2D9BB852-EA2B-412B-AC42-DDEF3806B735}.Release|iPhoneSimulator.ActiveCfg = Release|Any CPU
		{2D9BB852-EA2B-412B-AC42-DDEF3806B735}.Release|iPhoneSimulator.Build.0 = Release|Any CPU
		{2D9BB852-EA2B-412B-AC42-DDEF3806B735}.Release|x64.ActiveCfg = Release|Any CPU
		{2D9BB852-EA2B-412B-AC42-DDEF3806B735}.Release|x64.Build.0 = Release|Any CPU
		{2D9BB852-EA2B-412B-AC42-DDEF3806B735}.Release|x86.ActiveCfg = Release|Any CPU
		{2D9BB852-EA2B-412B-AC42-DDEF3806B735}.Release|x86.Build.0 = Release|Any CPU
		{E59BA97F-D8D2-4153-BA26-0AD39634D190}.Ad-Hoc|Any CPU.ActiveCfg = Debug|Any CPU
		{E59BA97F-D8D2-4153-BA26-0AD39634D190}.Ad-Hoc|Any CPU.Build.0 = Debug|Any CPU
		{E59BA97F-D8D2-4153-BA26-0AD39634D190}.Ad-Hoc|ARM.ActiveCfg = Debug|Any CPU
		{E59BA97F-D8D2-4153-BA26-0AD39634D190}.Ad-Hoc|ARM.Build.0 = Debug|Any CPU
		{E59BA97F-D8D2-4153-BA26-0AD39634D190}.Ad-Hoc|iPhone.ActiveCfg = Debug|Any CPU
		{E59BA97F-D8D2-4153-BA26-0AD39634D190}.Ad-Hoc|iPhone.Build.0 = Debug|Any CPU
		{E59BA97F-D8D2-4153-BA26-0AD39634D190}.Ad-Hoc|iPhoneSimulator.ActiveCfg = Debug|Any CPU
		{E59BA97F-D8D2-4153-BA26-0AD39634D190}.Ad-Hoc|iPhoneSimulator.Build.0 = Debug|Any CPU
		{E59BA97F-D8D2-4153-BA26-0AD39634D190}.Ad-Hoc|x64.ActiveCfg = Debug|Any CPU
		{E59BA97F-D8D2-4153-BA26-0AD39634D190}.Ad-Hoc|x64.Build.0 = Debug|Any CPU
		{E59BA97F-D8D2-4153-BA26-0AD39634D190}.Ad-Hoc|x86.ActiveCfg = Debug|Any CPU
		{E59BA97F-D8D2-4153-BA26-0AD39634D190}.Ad-Hoc|x86.Build.0 = Debug|Any CPU
		{E59BA97F-D8D2-4153-BA26-0AD39634D190}.AppStore|Any CPU.ActiveCfg = Debug|Any CPU
		{E59BA97F-D8D2-4153-BA26-0AD39634D190}.AppStore|Any CPU.Build.0 = Debug|Any CPU
		{E59BA97F-D8D2-4153-BA26-0AD39634D190}.AppStore|ARM.ActiveCfg = Debug|Any CPU
		{E59BA97F-D8D2-4153-BA26-0AD39634D190}.AppStore|ARM.Build.0 = Debug|Any CPU
		{E59BA97F-D8D2-4153-BA26-0AD39634D190}.AppStore|iPhone.ActiveCfg = Debug|Any CPU
		{E59BA97F-D8D2-4153-BA26-0AD39634D190}.AppStore|iPhone.Build.0 = Debug|Any CPU
		{E59BA97F-D8D2-4153-BA26-0AD39634D190}.AppStore|iPhoneSimulator.ActiveCfg = Debug|Any CPU
		{E59BA97F-D8D2-4153-BA26-0AD39634D190}.AppStore|iPhoneSimulator.Build.0 = Debug|Any CPU
		{E59BA97F-D8D2-4153-BA26-0AD39634D190}.AppStore|x64.ActiveCfg = Debug|Any CPU
		{E59BA97F-D8D2-4153-BA26-0AD39634D190}.AppStore|x64.Build.0 = Debug|Any CPU
		{E59BA97F-D8D2-4153-BA26-0AD39634D190}.AppStore|x86.ActiveCfg = Debug|Any CPU
		{E59BA97F-D8D2-4153-BA26-0AD39634D190}.AppStore|x86.Build.0 = Debug|Any CPU
		{E59BA97F-D8D2-4153-BA26-0AD39634D190}.Debug|Any CPU.ActiveCfg = Debug|Any CPU
		{E59BA97F-D8D2-4153-BA26-0AD39634D190}.Debug|Any CPU.Build.0 = Debug|Any CPU
		{E59BA97F-D8D2-4153-BA26-0AD39634D190}.Debug|ARM.ActiveCfg = Debug|Any CPU
		{E59BA97F-D8D2-4153-BA26-0AD39634D190}.Debug|ARM.Build.0 = Debug|Any CPU
		{E59BA97F-D8D2-4153-BA26-0AD39634D190}.Debug|iPhone.ActiveCfg = Debug|Any CPU
		{E59BA97F-D8D2-4153-BA26-0AD39634D190}.Debug|iPhone.Build.0 = Debug|Any CPU
		{E59BA97F-D8D2-4153-BA26-0AD39634D190}.Debug|iPhoneSimulator.ActiveCfg = Debug|Any CPU
		{E59BA97F-D8D2-4153-BA26-0AD39634D190}.Debug|iPhoneSimulator.Build.0 = Debug|Any CPU
		{E59BA97F-D8D2-4153-BA26-0AD39634D190}.Debug|x64.ActiveCfg = Debug|Any CPU
		{E59BA97F-D8D2-4153-BA26-0AD39634D190}.Debug|x64.Build.0 = Debug|Any CPU
		{E59BA97F-D8D2-4153-BA26-0AD39634D190}.Debug|x86.ActiveCfg = Debug|Any CPU
		{E59BA97F-D8D2-4153-BA26-0AD39634D190}.Debug|x86.Build.0 = Debug|Any CPU
		{E59BA97F-D8D2-4153-BA26-0AD39634D190}.Release|Any CPU.ActiveCfg = Release|Any CPU
		{E59BA97F-D8D2-4153-BA26-0AD39634D190}.Release|Any CPU.Build.0 = Release|Any CPU
		{E59BA97F-D8D2-4153-BA26-0AD39634D190}.Release|ARM.ActiveCfg = Release|Any CPU
		{E59BA97F-D8D2-4153-BA26-0AD39634D190}.Release|ARM.Build.0 = Release|Any CPU
		{E59BA97F-D8D2-4153-BA26-0AD39634D190}.Release|iPhone.ActiveCfg = Release|Any CPU
		{E59BA97F-D8D2-4153-BA26-0AD39634D190}.Release|iPhone.Build.0 = Release|Any CPU
		{E59BA97F-D8D2-4153-BA26-0AD39634D190}.Release|iPhoneSimulator.ActiveCfg = Release|Any CPU
		{E59BA97F-D8D2-4153-BA26-0AD39634D190}.Release|iPhoneSimulator.Build.0 = Release|Any CPU
		{E59BA97F-D8D2-4153-BA26-0AD39634D190}.Release|x64.ActiveCfg = Release|Any CPU
		{E59BA97F-D8D2-4153-BA26-0AD39634D190}.Release|x64.Build.0 = Release|Any CPU
		{E59BA97F-D8D2-4153-BA26-0AD39634D190}.Release|x86.ActiveCfg = Release|Any CPU
		{E59BA97F-D8D2-4153-BA26-0AD39634D190}.Release|x86.Build.0 = Release|Any CPU
		{76D8C378-85C2-4EA7-9BF3-8B7BA4B641F2}.Ad-Hoc|Any CPU.ActiveCfg = Debug|Any CPU
		{76D8C378-85C2-4EA7-9BF3-8B7BA4B641F2}.Ad-Hoc|Any CPU.Build.0 = Debug|Any CPU
		{76D8C378-85C2-4EA7-9BF3-8B7BA4B641F2}.Ad-Hoc|ARM.ActiveCfg = Debug|Any CPU
		{76D8C378-85C2-4EA7-9BF3-8B7BA4B641F2}.Ad-Hoc|ARM.Build.0 = Debug|Any CPU
		{76D8C378-85C2-4EA7-9BF3-8B7BA4B641F2}.Ad-Hoc|iPhone.ActiveCfg = Debug|Any CPU
		{76D8C378-85C2-4EA7-9BF3-8B7BA4B641F2}.Ad-Hoc|iPhone.Build.0 = Debug|Any CPU
		{76D8C378-85C2-4EA7-9BF3-8B7BA4B641F2}.Ad-Hoc|iPhoneSimulator.ActiveCfg = Debug|Any CPU
		{76D8C378-85C2-4EA7-9BF3-8B7BA4B641F2}.Ad-Hoc|iPhoneSimulator.Build.0 = Debug|Any CPU
		{76D8C378-85C2-4EA7-9BF3-8B7BA4B641F2}.Ad-Hoc|x64.ActiveCfg = Debug|Any CPU
		{76D8C378-85C2-4EA7-9BF3-8B7BA4B641F2}.Ad-Hoc|x64.Build.0 = Debug|Any CPU
		{76D8C378-85C2-4EA7-9BF3-8B7BA4B641F2}.Ad-Hoc|x86.ActiveCfg = Debug|Any CPU
		{76D8C378-85C2-4EA7-9BF3-8B7BA4B641F2}.Ad-Hoc|x86.Build.0 = Debug|Any CPU
		{76D8C378-85C2-4EA7-9BF3-8B7BA4B641F2}.AppStore|Any CPU.ActiveCfg = Debug|Any CPU
		{76D8C378-85C2-4EA7-9BF3-8B7BA4B641F2}.AppStore|Any CPU.Build.0 = Debug|Any CPU
		{76D8C378-85C2-4EA7-9BF3-8B7BA4B641F2}.AppStore|ARM.ActiveCfg = Debug|Any CPU
		{76D8C378-85C2-4EA7-9BF3-8B7BA4B641F2}.AppStore|ARM.Build.0 = Debug|Any CPU
		{76D8C378-85C2-4EA7-9BF3-8B7BA4B641F2}.AppStore|iPhone.ActiveCfg = Debug|Any CPU
		{76D8C378-85C2-4EA7-9BF3-8B7BA4B641F2}.AppStore|iPhone.Build.0 = Debug|Any CPU
		{76D8C378-85C2-4EA7-9BF3-8B7BA4B641F2}.AppStore|iPhoneSimulator.ActiveCfg = Debug|Any CPU
		{76D8C378-85C2-4EA7-9BF3-8B7BA4B641F2}.AppStore|iPhoneSimulator.Build.0 = Debug|Any CPU
		{76D8C378-85C2-4EA7-9BF3-8B7BA4B641F2}.AppStore|x64.ActiveCfg = Debug|Any CPU
		{76D8C378-85C2-4EA7-9BF3-8B7BA4B641F2}.AppStore|x64.Build.0 = Debug|Any CPU
		{76D8C378-85C2-4EA7-9BF3-8B7BA4B641F2}.AppStore|x86.ActiveCfg = Debug|Any CPU
		{76D8C378-85C2-4EA7-9BF3-8B7BA4B641F2}.AppStore|x86.Build.0 = Debug|Any CPU
		{76D8C378-85C2-4EA7-9BF3-8B7BA4B641F2}.Debug|Any CPU.ActiveCfg = Debug|Any CPU
		{76D8C378-85C2-4EA7-9BF3-8B7BA4B641F2}.Debug|Any CPU.Build.0 = Debug|Any CPU
		{76D8C378-85C2-4EA7-9BF3-8B7BA4B641F2}.Debug|ARM.ActiveCfg = Debug|Any CPU
		{76D8C378-85C2-4EA7-9BF3-8B7BA4B641F2}.Debug|ARM.Build.0 = Debug|Any CPU
		{76D8C378-85C2-4EA7-9BF3-8B7BA4B641F2}.Debug|iPhone.ActiveCfg = Debug|Any CPU
		{76D8C378-85C2-4EA7-9BF3-8B7BA4B641F2}.Debug|iPhone.Build.0 = Debug|Any CPU
		{76D8C378-85C2-4EA7-9BF3-8B7BA4B641F2}.Debug|iPhoneSimulator.ActiveCfg = Debug|Any CPU
		{76D8C378-85C2-4EA7-9BF3-8B7BA4B641F2}.Debug|iPhoneSimulator.Build.0 = Debug|Any CPU
		{76D8C378-85C2-4EA7-9BF3-8B7BA4B641F2}.Debug|x64.ActiveCfg = Debug|Any CPU
		{76D8C378-85C2-4EA7-9BF3-8B7BA4B641F2}.Debug|x64.Build.0 = Debug|Any CPU
		{76D8C378-85C2-4EA7-9BF3-8B7BA4B641F2}.Debug|x86.ActiveCfg = Debug|Any CPU
		{76D8C378-85C2-4EA7-9BF3-8B7BA4B641F2}.Debug|x86.Build.0 = Debug|Any CPU
		{76D8C378-85C2-4EA7-9BF3-8B7BA4B641F2}.Release|Any CPU.ActiveCfg = Release|Any CPU
		{76D8C378-85C2-4EA7-9BF3-8B7BA4B641F2}.Release|Any CPU.Build.0 = Release|Any CPU
		{76D8C378-85C2-4EA7-9BF3-8B7BA4B641F2}.Release|ARM.ActiveCfg = Release|Any CPU
		{76D8C378-85C2-4EA7-9BF3-8B7BA4B641F2}.Release|ARM.Build.0 = Release|Any CPU
		{76D8C378-85C2-4EA7-9BF3-8B7BA4B641F2}.Release|iPhone.ActiveCfg = Release|Any CPU
		{76D8C378-85C2-4EA7-9BF3-8B7BA4B641F2}.Release|iPhone.Build.0 = Release|Any CPU
		{76D8C378-85C2-4EA7-9BF3-8B7BA4B641F2}.Release|iPhoneSimulator.ActiveCfg = Release|Any CPU
		{76D8C378-85C2-4EA7-9BF3-8B7BA4B641F2}.Release|iPhoneSimulator.Build.0 = Release|Any CPU
		{76D8C378-85C2-4EA7-9BF3-8B7BA4B641F2}.Release|x64.ActiveCfg = Release|Any CPU
		{76D8C378-85C2-4EA7-9BF3-8B7BA4B641F2}.Release|x64.Build.0 = Release|Any CPU
		{76D8C378-85C2-4EA7-9BF3-8B7BA4B641F2}.Release|x86.ActiveCfg = Release|Any CPU
		{76D8C378-85C2-4EA7-9BF3-8B7BA4B641F2}.Release|x86.Build.0 = Release|Any CPU
		{D8C3D127-7989-4EBB-B667-C3DE63865F13}.Ad-Hoc|Any CPU.ActiveCfg = Debug|Any CPU
		{D8C3D127-7989-4EBB-B667-C3DE63865F13}.Ad-Hoc|Any CPU.Build.0 = Debug|Any CPU
		{D8C3D127-7989-4EBB-B667-C3DE63865F13}.Ad-Hoc|ARM.ActiveCfg = Debug|Any CPU
		{D8C3D127-7989-4EBB-B667-C3DE63865F13}.Ad-Hoc|ARM.Build.0 = Debug|Any CPU
		{D8C3D127-7989-4EBB-B667-C3DE63865F13}.Ad-Hoc|iPhone.ActiveCfg = Debug|Any CPU
		{D8C3D127-7989-4EBB-B667-C3DE63865F13}.Ad-Hoc|iPhone.Build.0 = Debug|Any CPU
		{D8C3D127-7989-4EBB-B667-C3DE63865F13}.Ad-Hoc|iPhoneSimulator.ActiveCfg = Debug|Any CPU
		{D8C3D127-7989-4EBB-B667-C3DE63865F13}.Ad-Hoc|iPhoneSimulator.Build.0 = Debug|Any CPU
		{D8C3D127-7989-4EBB-B667-C3DE63865F13}.Ad-Hoc|x64.ActiveCfg = Debug|Any CPU
		{D8C3D127-7989-4EBB-B667-C3DE63865F13}.Ad-Hoc|x64.Build.0 = Debug|Any CPU
		{D8C3D127-7989-4EBB-B667-C3DE63865F13}.Ad-Hoc|x86.ActiveCfg = Debug|Any CPU
		{D8C3D127-7989-4EBB-B667-C3DE63865F13}.Ad-Hoc|x86.Build.0 = Debug|Any CPU
		{D8C3D127-7989-4EBB-B667-C3DE63865F13}.AppStore|Any CPU.ActiveCfg = Debug|Any CPU
		{D8C3D127-7989-4EBB-B667-C3DE63865F13}.AppStore|Any CPU.Build.0 = Debug|Any CPU
		{D8C3D127-7989-4EBB-B667-C3DE63865F13}.AppStore|ARM.ActiveCfg = Debug|Any CPU
		{D8C3D127-7989-4EBB-B667-C3DE63865F13}.AppStore|ARM.Build.0 = Debug|Any CPU
		{D8C3D127-7989-4EBB-B667-C3DE63865F13}.AppStore|iPhone.ActiveCfg = Debug|Any CPU
		{D8C3D127-7989-4EBB-B667-C3DE63865F13}.AppStore|iPhone.Build.0 = Debug|Any CPU
		{D8C3D127-7989-4EBB-B667-C3DE63865F13}.AppStore|iPhoneSimulator.ActiveCfg = Debug|Any CPU
		{D8C3D127-7989-4EBB-B667-C3DE63865F13}.AppStore|iPhoneSimulator.Build.0 = Debug|Any CPU
		{D8C3D127-7989-4EBB-B667-C3DE63865F13}.AppStore|x64.ActiveCfg = Debug|Any CPU
		{D8C3D127-7989-4EBB-B667-C3DE63865F13}.AppStore|x64.Build.0 = Debug|Any CPU
		{D8C3D127-7989-4EBB-B667-C3DE63865F13}.AppStore|x86.ActiveCfg = Debug|Any CPU
		{D8C3D127-7989-4EBB-B667-C3DE63865F13}.AppStore|x86.Build.0 = Debug|Any CPU
		{D8C3D127-7989-4EBB-B667-C3DE63865F13}.Debug|Any CPU.ActiveCfg = Debug|Any CPU
		{D8C3D127-7989-4EBB-B667-C3DE63865F13}.Debug|Any CPU.Build.0 = Debug|Any CPU
		{D8C3D127-7989-4EBB-B667-C3DE63865F13}.Debug|ARM.ActiveCfg = Debug|Any CPU
		{D8C3D127-7989-4EBB-B667-C3DE63865F13}.Debug|ARM.Build.0 = Debug|Any CPU
		{D8C3D127-7989-4EBB-B667-C3DE63865F13}.Debug|iPhone.ActiveCfg = Debug|Any CPU
		{D8C3D127-7989-4EBB-B667-C3DE63865F13}.Debug|iPhone.Build.0 = Debug|Any CPU
		{D8C3D127-7989-4EBB-B667-C3DE63865F13}.Debug|iPhoneSimulator.ActiveCfg = Debug|Any CPU
		{D8C3D127-7989-4EBB-B667-C3DE63865F13}.Debug|iPhoneSimulator.Build.0 = Debug|Any CPU
		{D8C3D127-7989-4EBB-B667-C3DE63865F13}.Debug|x64.ActiveCfg = Debug|Any CPU
		{D8C3D127-7989-4EBB-B667-C3DE63865F13}.Debug|x64.Build.0 = Debug|Any CPU
		{D8C3D127-7989-4EBB-B667-C3DE63865F13}.Debug|x86.ActiveCfg = Debug|Any CPU
		{D8C3D127-7989-4EBB-B667-C3DE63865F13}.Debug|x86.Build.0 = Debug|Any CPU
		{D8C3D127-7989-4EBB-B667-C3DE63865F13}.Release|Any CPU.ActiveCfg = Release|Any CPU
		{D8C3D127-7989-4EBB-B667-C3DE63865F13}.Release|Any CPU.Build.0 = Release|Any CPU
		{D8C3D127-7989-4EBB-B667-C3DE63865F13}.Release|ARM.ActiveCfg = Release|Any CPU
		{D8C3D127-7989-4EBB-B667-C3DE63865F13}.Release|ARM.Build.0 = Release|Any CPU
		{D8C3D127-7989-4EBB-B667-C3DE63865F13}.Release|iPhone.ActiveCfg = Release|Any CPU
		{D8C3D127-7989-4EBB-B667-C3DE63865F13}.Release|iPhone.Build.0 = Release|Any CPU
		{D8C3D127-7989-4EBB-B667-C3DE63865F13}.Release|iPhoneSimulator.ActiveCfg = Release|Any CPU
		{D8C3D127-7989-4EBB-B667-C3DE63865F13}.Release|iPhoneSimulator.Build.0 = Release|Any CPU
		{D8C3D127-7989-4EBB-B667-C3DE63865F13}.Release|x64.ActiveCfg = Release|Any CPU
		{D8C3D127-7989-4EBB-B667-C3DE63865F13}.Release|x64.Build.0 = Release|Any CPU
		{D8C3D127-7989-4EBB-B667-C3DE63865F13}.Release|x86.ActiveCfg = Release|Any CPU
		{D8C3D127-7989-4EBB-B667-C3DE63865F13}.Release|x86.Build.0 = Release|Any CPU
		{BBADEC48-3DA5-41FB-8AC8-5C65A0956D78}.Ad-Hoc|Any CPU.ActiveCfg = Debug|Any CPU
		{BBADEC48-3DA5-41FB-8AC8-5C65A0956D78}.Ad-Hoc|Any CPU.Build.0 = Debug|Any CPU
		{BBADEC48-3DA5-41FB-8AC8-5C65A0956D78}.Ad-Hoc|ARM.ActiveCfg = Debug|Any CPU
		{BBADEC48-3DA5-41FB-8AC8-5C65A0956D78}.Ad-Hoc|ARM.Build.0 = Debug|Any CPU
		{BBADEC48-3DA5-41FB-8AC8-5C65A0956D78}.Ad-Hoc|iPhone.ActiveCfg = Debug|Any CPU
		{BBADEC48-3DA5-41FB-8AC8-5C65A0956D78}.Ad-Hoc|iPhone.Build.0 = Debug|Any CPU
		{BBADEC48-3DA5-41FB-8AC8-5C65A0956D78}.Ad-Hoc|iPhoneSimulator.ActiveCfg = Debug|Any CPU
		{BBADEC48-3DA5-41FB-8AC8-5C65A0956D78}.Ad-Hoc|iPhoneSimulator.Build.0 = Debug|Any CPU
		{BBADEC48-3DA5-41FB-8AC8-5C65A0956D78}.Ad-Hoc|x64.ActiveCfg = Debug|Any CPU
		{BBADEC48-3DA5-41FB-8AC8-5C65A0956D78}.Ad-Hoc|x64.Build.0 = Debug|Any CPU
		{BBADEC48-3DA5-41FB-8AC8-5C65A0956D78}.Ad-Hoc|x86.ActiveCfg = Debug|Any CPU
		{BBADEC48-3DA5-41FB-8AC8-5C65A0956D78}.Ad-Hoc|x86.Build.0 = Debug|Any CPU
		{BBADEC48-3DA5-41FB-8AC8-5C65A0956D78}.AppStore|Any CPU.ActiveCfg = Debug|Any CPU
		{BBADEC48-3DA5-41FB-8AC8-5C65A0956D78}.AppStore|Any CPU.Build.0 = Debug|Any CPU
		{BBADEC48-3DA5-41FB-8AC8-5C65A0956D78}.AppStore|ARM.ActiveCfg = Debug|Any CPU
		{BBADEC48-3DA5-41FB-8AC8-5C65A0956D78}.AppStore|ARM.Build.0 = Debug|Any CPU
		{BBADEC48-3DA5-41FB-8AC8-5C65A0956D78}.AppStore|iPhone.ActiveCfg = Debug|Any CPU
		{BBADEC48-3DA5-41FB-8AC8-5C65A0956D78}.AppStore|iPhone.Build.0 = Debug|Any CPU
		{BBADEC48-3DA5-41FB-8AC8-5C65A0956D78}.AppStore|iPhoneSimulator.ActiveCfg = Debug|Any CPU
		{BBADEC48-3DA5-41FB-8AC8-5C65A0956D78}.AppStore|iPhoneSimulator.Build.0 = Debug|Any CPU
		{BBADEC48-3DA5-41FB-8AC8-5C65A0956D78}.AppStore|x64.ActiveCfg = Debug|Any CPU
		{BBADEC48-3DA5-41FB-8AC8-5C65A0956D78}.AppStore|x64.Build.0 = Debug|Any CPU
		{BBADEC48-3DA5-41FB-8AC8-5C65A0956D78}.AppStore|x86.ActiveCfg = Debug|Any CPU
		{BBADEC48-3DA5-41FB-8AC8-5C65A0956D78}.AppStore|x86.Build.0 = Debug|Any CPU
		{BBADEC48-3DA5-41FB-8AC8-5C65A0956D78}.Debug|Any CPU.ActiveCfg = Debug|Any CPU
		{BBADEC48-3DA5-41FB-8AC8-5C65A0956D78}.Debug|Any CPU.Build.0 = Debug|Any CPU
		{BBADEC48-3DA5-41FB-8AC8-5C65A0956D78}.Debug|ARM.ActiveCfg = Debug|Any CPU
		{BBADEC48-3DA5-41FB-8AC8-5C65A0956D78}.Debug|ARM.Build.0 = Debug|Any CPU
		{BBADEC48-3DA5-41FB-8AC8-5C65A0956D78}.Debug|iPhone.ActiveCfg = Debug|Any CPU
		{BBADEC48-3DA5-41FB-8AC8-5C65A0956D78}.Debug|iPhone.Build.0 = Debug|Any CPU
		{BBADEC48-3DA5-41FB-8AC8-5C65A0956D78}.Debug|iPhoneSimulator.ActiveCfg = Debug|Any CPU
		{BBADEC48-3DA5-41FB-8AC8-5C65A0956D78}.Debug|iPhoneSimulator.Build.0 = Debug|Any CPU
		{BBADEC48-3DA5-41FB-8AC8-5C65A0956D78}.Debug|x64.ActiveCfg = Debug|Any CPU
		{BBADEC48-3DA5-41FB-8AC8-5C65A0956D78}.Debug|x64.Build.0 = Debug|Any CPU
		{BBADEC48-3DA5-41FB-8AC8-5C65A0956D78}.Debug|x86.ActiveCfg = Debug|Any CPU
		{BBADEC48-3DA5-41FB-8AC8-5C65A0956D78}.Debug|x86.Build.0 = Debug|Any CPU
		{BBADEC48-3DA5-41FB-8AC8-5C65A0956D78}.Release|Any CPU.ActiveCfg = Release|Any CPU
		{BBADEC48-3DA5-41FB-8AC8-5C65A0956D78}.Release|Any CPU.Build.0 = Release|Any CPU
		{BBADEC48-3DA5-41FB-8AC8-5C65A0956D78}.Release|ARM.ActiveCfg = Release|Any CPU
		{BBADEC48-3DA5-41FB-8AC8-5C65A0956D78}.Release|ARM.Build.0 = Release|Any CPU
		{BBADEC48-3DA5-41FB-8AC8-5C65A0956D78}.Release|iPhone.ActiveCfg = Release|Any CPU
		{BBADEC48-3DA5-41FB-8AC8-5C65A0956D78}.Release|iPhone.Build.0 = Release|Any CPU
		{BBADEC48-3DA5-41FB-8AC8-5C65A0956D78}.Release|iPhoneSimulator.ActiveCfg = Release|Any CPU
		{BBADEC48-3DA5-41FB-8AC8-5C65A0956D78}.Release|iPhoneSimulator.Build.0 = Release|Any CPU
		{BBADEC48-3DA5-41FB-8AC8-5C65A0956D78}.Release|x64.ActiveCfg = Release|Any CPU
		{BBADEC48-3DA5-41FB-8AC8-5C65A0956D78}.Release|x64.Build.0 = Release|Any CPU
		{BBADEC48-3DA5-41FB-8AC8-5C65A0956D78}.Release|x86.ActiveCfg = Release|Any CPU
		{BBADEC48-3DA5-41FB-8AC8-5C65A0956D78}.Release|x86.Build.0 = Release|Any CPU
		{BD3177D4-67A8-4BC4-966E-346114C7EB06}.Ad-Hoc|Any CPU.ActiveCfg = Release|Any CPU
		{BD3177D4-67A8-4BC4-966E-346114C7EB06}.Ad-Hoc|Any CPU.Build.0 = Release|Any CPU
		{BD3177D4-67A8-4BC4-966E-346114C7EB06}.Ad-Hoc|Any CPU.Deploy.0 = Release|Any CPU
		{BD3177D4-67A8-4BC4-966E-346114C7EB06}.Ad-Hoc|ARM.ActiveCfg = Release|Any CPU
		{BD3177D4-67A8-4BC4-966E-346114C7EB06}.Ad-Hoc|ARM.Build.0 = Release|Any CPU
		{BD3177D4-67A8-4BC4-966E-346114C7EB06}.Ad-Hoc|ARM.Deploy.0 = Release|Any CPU
		{BD3177D4-67A8-4BC4-966E-346114C7EB06}.Ad-Hoc|iPhone.ActiveCfg = Release|Any CPU
		{BD3177D4-67A8-4BC4-966E-346114C7EB06}.Ad-Hoc|iPhone.Build.0 = Release|Any CPU
		{BD3177D4-67A8-4BC4-966E-346114C7EB06}.Ad-Hoc|iPhone.Deploy.0 = Release|Any CPU
		{BD3177D4-67A8-4BC4-966E-346114C7EB06}.Ad-Hoc|iPhoneSimulator.ActiveCfg = Release|Any CPU
		{BD3177D4-67A8-4BC4-966E-346114C7EB06}.Ad-Hoc|iPhoneSimulator.Build.0 = Release|Any CPU
		{BD3177D4-67A8-4BC4-966E-346114C7EB06}.Ad-Hoc|iPhoneSimulator.Deploy.0 = Release|Any CPU
		{BD3177D4-67A8-4BC4-966E-346114C7EB06}.Ad-Hoc|x64.ActiveCfg = Release|Any CPU
		{BD3177D4-67A8-4BC4-966E-346114C7EB06}.Ad-Hoc|x64.Build.0 = Release|Any CPU
		{BD3177D4-67A8-4BC4-966E-346114C7EB06}.Ad-Hoc|x64.Deploy.0 = Release|Any CPU
		{BD3177D4-67A8-4BC4-966E-346114C7EB06}.Ad-Hoc|x86.ActiveCfg = Release|Any CPU
		{BD3177D4-67A8-4BC4-966E-346114C7EB06}.Ad-Hoc|x86.Build.0 = Release|Any CPU
		{BD3177D4-67A8-4BC4-966E-346114C7EB06}.Ad-Hoc|x86.Deploy.0 = Release|Any CPU
		{BD3177D4-67A8-4BC4-966E-346114C7EB06}.AppStore|Any CPU.ActiveCfg = Release|Any CPU
		{BD3177D4-67A8-4BC4-966E-346114C7EB06}.AppStore|Any CPU.Build.0 = Release|Any CPU
		{BD3177D4-67A8-4BC4-966E-346114C7EB06}.AppStore|Any CPU.Deploy.0 = Release|Any CPU
		{BD3177D4-67A8-4BC4-966E-346114C7EB06}.AppStore|ARM.ActiveCfg = Release|Any CPU
		{BD3177D4-67A8-4BC4-966E-346114C7EB06}.AppStore|ARM.Build.0 = Release|Any CPU
		{BD3177D4-67A8-4BC4-966E-346114C7EB06}.AppStore|ARM.Deploy.0 = Release|Any CPU
		{BD3177D4-67A8-4BC4-966E-346114C7EB06}.AppStore|iPhone.ActiveCfg = Release|Any CPU
		{BD3177D4-67A8-4BC4-966E-346114C7EB06}.AppStore|iPhone.Build.0 = Release|Any CPU
		{BD3177D4-67A8-4BC4-966E-346114C7EB06}.AppStore|iPhone.Deploy.0 = Release|Any CPU
		{BD3177D4-67A8-4BC4-966E-346114C7EB06}.AppStore|iPhoneSimulator.ActiveCfg = Release|Any CPU
		{BD3177D4-67A8-4BC4-966E-346114C7EB06}.AppStore|iPhoneSimulator.Build.0 = Release|Any CPU
		{BD3177D4-67A8-4BC4-966E-346114C7EB06}.AppStore|iPhoneSimulator.Deploy.0 = Release|Any CPU
		{BD3177D4-67A8-4BC4-966E-346114C7EB06}.AppStore|x64.ActiveCfg = Release|Any CPU
		{BD3177D4-67A8-4BC4-966E-346114C7EB06}.AppStore|x64.Build.0 = Release|Any CPU
		{BD3177D4-67A8-4BC4-966E-346114C7EB06}.AppStore|x64.Deploy.0 = Release|Any CPU
		{BD3177D4-67A8-4BC4-966E-346114C7EB06}.AppStore|x86.ActiveCfg = Release|Any CPU
		{BD3177D4-67A8-4BC4-966E-346114C7EB06}.AppStore|x86.Build.0 = Release|Any CPU
		{BD3177D4-67A8-4BC4-966E-346114C7EB06}.AppStore|x86.Deploy.0 = Release|Any CPU
		{BD3177D4-67A8-4BC4-966E-346114C7EB06}.Debug|Any CPU.ActiveCfg = Debug|Any CPU
		{BD3177D4-67A8-4BC4-966E-346114C7EB06}.Debug|Any CPU.Build.0 = Debug|Any CPU
		{BD3177D4-67A8-4BC4-966E-346114C7EB06}.Debug|Any CPU.Deploy.0 = Debug|Any CPU
		{BD3177D4-67A8-4BC4-966E-346114C7EB06}.Debug|ARM.ActiveCfg = Debug|Any CPU
		{BD3177D4-67A8-4BC4-966E-346114C7EB06}.Debug|ARM.Build.0 = Debug|Any CPU
		{BD3177D4-67A8-4BC4-966E-346114C7EB06}.Debug|ARM.Deploy.0 = Debug|Any CPU
		{BD3177D4-67A8-4BC4-966E-346114C7EB06}.Debug|iPhone.ActiveCfg = Debug|Any CPU
		{BD3177D4-67A8-4BC4-966E-346114C7EB06}.Debug|iPhone.Build.0 = Debug|Any CPU
		{BD3177D4-67A8-4BC4-966E-346114C7EB06}.Debug|iPhone.Deploy.0 = Debug|Any CPU
		{BD3177D4-67A8-4BC4-966E-346114C7EB06}.Debug|iPhoneSimulator.ActiveCfg = Debug|Any CPU
		{BD3177D4-67A8-4BC4-966E-346114C7EB06}.Debug|iPhoneSimulator.Build.0 = Debug|Any CPU
		{BD3177D4-67A8-4BC4-966E-346114C7EB06}.Debug|iPhoneSimulator.Deploy.0 = Debug|Any CPU
		{BD3177D4-67A8-4BC4-966E-346114C7EB06}.Debug|x64.ActiveCfg = Debug|Any CPU
		{BD3177D4-67A8-4BC4-966E-346114C7EB06}.Debug|x64.Build.0 = Debug|Any CPU
		{BD3177D4-67A8-4BC4-966E-346114C7EB06}.Debug|x64.Deploy.0 = Debug|Any CPU
		{BD3177D4-67A8-4BC4-966E-346114C7EB06}.Debug|x86.ActiveCfg = Debug|Any CPU
		{BD3177D4-67A8-4BC4-966E-346114C7EB06}.Debug|x86.Build.0 = Debug|Any CPU
		{BD3177D4-67A8-4BC4-966E-346114C7EB06}.Debug|x86.Deploy.0 = Debug|Any CPU
		{BD3177D4-67A8-4BC4-966E-346114C7EB06}.Release|Any CPU.ActiveCfg = Release|Any CPU
		{BD3177D4-67A8-4BC4-966E-346114C7EB06}.Release|Any CPU.Build.0 = Release|Any CPU
		{BD3177D4-67A8-4BC4-966E-346114C7EB06}.Release|Any CPU.Deploy.0 = Release|Any CPU
		{BD3177D4-67A8-4BC4-966E-346114C7EB06}.Release|ARM.ActiveCfg = Release|Any CPU
		{BD3177D4-67A8-4BC4-966E-346114C7EB06}.Release|ARM.Build.0 = Release|Any CPU
		{BD3177D4-67A8-4BC4-966E-346114C7EB06}.Release|ARM.Deploy.0 = Release|Any CPU
		{BD3177D4-67A8-4BC4-966E-346114C7EB06}.Release|iPhone.ActiveCfg = Release|Any CPU
		{BD3177D4-67A8-4BC4-966E-346114C7EB06}.Release|iPhone.Build.0 = Release|Any CPU
		{BD3177D4-67A8-4BC4-966E-346114C7EB06}.Release|iPhone.Deploy.0 = Release|Any CPU
		{BD3177D4-67A8-4BC4-966E-346114C7EB06}.Release|iPhoneSimulator.ActiveCfg = Release|Any CPU
		{BD3177D4-67A8-4BC4-966E-346114C7EB06}.Release|iPhoneSimulator.Build.0 = Release|Any CPU
		{BD3177D4-67A8-4BC4-966E-346114C7EB06}.Release|iPhoneSimulator.Deploy.0 = Release|Any CPU
		{BD3177D4-67A8-4BC4-966E-346114C7EB06}.Release|x64.ActiveCfg = Release|Any CPU
		{BD3177D4-67A8-4BC4-966E-346114C7EB06}.Release|x64.Build.0 = Release|Any CPU
		{BD3177D4-67A8-4BC4-966E-346114C7EB06}.Release|x64.Deploy.0 = Release|Any CPU
		{BD3177D4-67A8-4BC4-966E-346114C7EB06}.Release|x86.ActiveCfg = Release|Any CPU
		{BD3177D4-67A8-4BC4-966E-346114C7EB06}.Release|x86.Build.0 = Release|Any CPU
		{BD3177D4-67A8-4BC4-966E-346114C7EB06}.Release|x86.Deploy.0 = Release|Any CPU
		{CF8A9ED8-CAC7-4897-9878-FFF80EF3846B}.Ad-Hoc|Any CPU.ActiveCfg = Ad-Hoc|iPhone
		{CF8A9ED8-CAC7-4897-9878-FFF80EF3846B}.Ad-Hoc|ARM.ActiveCfg = Ad-Hoc|iPhone
		{CF8A9ED8-CAC7-4897-9878-FFF80EF3846B}.Ad-Hoc|iPhone.ActiveCfg = Ad-Hoc|iPhone
		{CF8A9ED8-CAC7-4897-9878-FFF80EF3846B}.Ad-Hoc|iPhone.Build.0 = Ad-Hoc|iPhone
		{CF8A9ED8-CAC7-4897-9878-FFF80EF3846B}.Ad-Hoc|iPhoneSimulator.ActiveCfg = Ad-Hoc|iPhoneSimulator
		{CF8A9ED8-CAC7-4897-9878-FFF80EF3846B}.Ad-Hoc|iPhoneSimulator.Build.0 = Ad-Hoc|iPhoneSimulator
		{CF8A9ED8-CAC7-4897-9878-FFF80EF3846B}.Ad-Hoc|x64.ActiveCfg = Ad-Hoc|iPhone
		{CF8A9ED8-CAC7-4897-9878-FFF80EF3846B}.Ad-Hoc|x86.ActiveCfg = Ad-Hoc|iPhone
		{CF8A9ED8-CAC7-4897-9878-FFF80EF3846B}.AppStore|Any CPU.ActiveCfg = AppStore|iPhone
		{CF8A9ED8-CAC7-4897-9878-FFF80EF3846B}.AppStore|ARM.ActiveCfg = AppStore|iPhone
		{CF8A9ED8-CAC7-4897-9878-FFF80EF3846B}.AppStore|iPhone.ActiveCfg = AppStore|iPhone
		{CF8A9ED8-CAC7-4897-9878-FFF80EF3846B}.AppStore|iPhone.Build.0 = AppStore|iPhone
		{CF8A9ED8-CAC7-4897-9878-FFF80EF3846B}.AppStore|iPhoneSimulator.ActiveCfg = AppStore|iPhoneSimulator
		{CF8A9ED8-CAC7-4897-9878-FFF80EF3846B}.AppStore|iPhoneSimulator.Build.0 = AppStore|iPhoneSimulator
		{CF8A9ED8-CAC7-4897-9878-FFF80EF3846B}.AppStore|x64.ActiveCfg = AppStore|iPhone
		{CF8A9ED8-CAC7-4897-9878-FFF80EF3846B}.AppStore|x86.ActiveCfg = AppStore|iPhone
		{CF8A9ED8-CAC7-4897-9878-FFF80EF3846B}.Debug|Any CPU.ActiveCfg = Debug|iPhone
		{CF8A9ED8-CAC7-4897-9878-FFF80EF3846B}.Debug|ARM.ActiveCfg = Debug|iPhone
		{CF8A9ED8-CAC7-4897-9878-FFF80EF3846B}.Debug|iPhone.ActiveCfg = Debug|iPhone
		{CF8A9ED8-CAC7-4897-9878-FFF80EF3846B}.Debug|iPhone.Build.0 = Debug|iPhone
		{CF8A9ED8-CAC7-4897-9878-FFF80EF3846B}.Debug|iPhoneSimulator.ActiveCfg = Debug|iPhoneSimulator
		{CF8A9ED8-CAC7-4897-9878-FFF80EF3846B}.Debug|iPhoneSimulator.Build.0 = Debug|iPhoneSimulator
		{CF8A9ED8-CAC7-4897-9878-FFF80EF3846B}.Debug|x64.ActiveCfg = Debug|iPhone
		{CF8A9ED8-CAC7-4897-9878-FFF80EF3846B}.Debug|x86.ActiveCfg = Debug|iPhone
		{CF8A9ED8-CAC7-4897-9878-FFF80EF3846B}.Release|Any CPU.ActiveCfg = Release|iPhone
		{CF8A9ED8-CAC7-4897-9878-FFF80EF3846B}.Release|ARM.ActiveCfg = Release|iPhone
		{CF8A9ED8-CAC7-4897-9878-FFF80EF3846B}.Release|iPhone.ActiveCfg = Release|iPhone
		{CF8A9ED8-CAC7-4897-9878-FFF80EF3846B}.Release|iPhone.Build.0 = Release|iPhone
		{CF8A9ED8-CAC7-4897-9878-FFF80EF3846B}.Release|iPhoneSimulator.ActiveCfg = Release|iPhoneSimulator
		{CF8A9ED8-CAC7-4897-9878-FFF80EF3846B}.Release|iPhoneSimulator.Build.0 = Release|iPhoneSimulator
		{CF8A9ED8-CAC7-4897-9878-FFF80EF3846B}.Release|x64.ActiveCfg = Release|iPhone
		{CF8A9ED8-CAC7-4897-9878-FFF80EF3846B}.Release|x86.ActiveCfg = Release|iPhone
		{9F1EB146-E82E-4E90-92A4-58916B0D07CC}.Ad-Hoc|Any CPU.ActiveCfg = Release|x86
		{9F1EB146-E82E-4E90-92A4-58916B0D07CC}.Ad-Hoc|Any CPU.Build.0 = Release|x86
		{9F1EB146-E82E-4E90-92A4-58916B0D07CC}.Ad-Hoc|Any CPU.Deploy.0 = Release|x86
		{9F1EB146-E82E-4E90-92A4-58916B0D07CC}.Ad-Hoc|ARM.ActiveCfg = Release|ARM
		{9F1EB146-E82E-4E90-92A4-58916B0D07CC}.Ad-Hoc|ARM.Build.0 = Release|ARM
		{9F1EB146-E82E-4E90-92A4-58916B0D07CC}.Ad-Hoc|ARM.Deploy.0 = Release|ARM
		{9F1EB146-E82E-4E90-92A4-58916B0D07CC}.Ad-Hoc|iPhone.ActiveCfg = Release|x86
		{9F1EB146-E82E-4E90-92A4-58916B0D07CC}.Ad-Hoc|iPhone.Build.0 = Release|x86
		{9F1EB146-E82E-4E90-92A4-58916B0D07CC}.Ad-Hoc|iPhone.Deploy.0 = Release|x86
		{9F1EB146-E82E-4E90-92A4-58916B0D07CC}.Ad-Hoc|iPhoneSimulator.ActiveCfg = Release|x86
		{9F1EB146-E82E-4E90-92A4-58916B0D07CC}.Ad-Hoc|iPhoneSimulator.Build.0 = Release|x86
		{9F1EB146-E82E-4E90-92A4-58916B0D07CC}.Ad-Hoc|iPhoneSimulator.Deploy.0 = Release|x86
		{9F1EB146-E82E-4E90-92A4-58916B0D07CC}.Ad-Hoc|x64.ActiveCfg = Release|x64
		{9F1EB146-E82E-4E90-92A4-58916B0D07CC}.Ad-Hoc|x64.Build.0 = Release|x64
		{9F1EB146-E82E-4E90-92A4-58916B0D07CC}.Ad-Hoc|x64.Deploy.0 = Release|x64
		{9F1EB146-E82E-4E90-92A4-58916B0D07CC}.Ad-Hoc|x86.ActiveCfg = Release|x86
		{9F1EB146-E82E-4E90-92A4-58916B0D07CC}.Ad-Hoc|x86.Build.0 = Release|x86
		{9F1EB146-E82E-4E90-92A4-58916B0D07CC}.Ad-Hoc|x86.Deploy.0 = Release|x86
		{9F1EB146-E82E-4E90-92A4-58916B0D07CC}.AppStore|Any CPU.ActiveCfg = Release|x86
		{9F1EB146-E82E-4E90-92A4-58916B0D07CC}.AppStore|Any CPU.Build.0 = Release|x86
		{9F1EB146-E82E-4E90-92A4-58916B0D07CC}.AppStore|Any CPU.Deploy.0 = Release|x86
		{9F1EB146-E82E-4E90-92A4-58916B0D07CC}.AppStore|ARM.ActiveCfg = Release|ARM
		{9F1EB146-E82E-4E90-92A4-58916B0D07CC}.AppStore|ARM.Build.0 = Release|ARM
		{9F1EB146-E82E-4E90-92A4-58916B0D07CC}.AppStore|ARM.Deploy.0 = Release|ARM
		{9F1EB146-E82E-4E90-92A4-58916B0D07CC}.AppStore|iPhone.ActiveCfg = Release|x86
		{9F1EB146-E82E-4E90-92A4-58916B0D07CC}.AppStore|iPhone.Build.0 = Release|x86
		{9F1EB146-E82E-4E90-92A4-58916B0D07CC}.AppStore|iPhone.Deploy.0 = Release|x86
		{9F1EB146-E82E-4E90-92A4-58916B0D07CC}.AppStore|iPhoneSimulator.ActiveCfg = Release|x86
		{9F1EB146-E82E-4E90-92A4-58916B0D07CC}.AppStore|iPhoneSimulator.Build.0 = Release|x86
		{9F1EB146-E82E-4E90-92A4-58916B0D07CC}.AppStore|iPhoneSimulator.Deploy.0 = Release|x86
		{9F1EB146-E82E-4E90-92A4-58916B0D07CC}.AppStore|x64.ActiveCfg = Release|x64
		{9F1EB146-E82E-4E90-92A4-58916B0D07CC}.AppStore|x64.Build.0 = Release|x64
		{9F1EB146-E82E-4E90-92A4-58916B0D07CC}.AppStore|x64.Deploy.0 = Release|x64
		{9F1EB146-E82E-4E90-92A4-58916B0D07CC}.AppStore|x86.ActiveCfg = Release|x86
		{9F1EB146-E82E-4E90-92A4-58916B0D07CC}.AppStore|x86.Build.0 = Release|x86
		{9F1EB146-E82E-4E90-92A4-58916B0D07CC}.AppStore|x86.Deploy.0 = Release|x86
		{9F1EB146-E82E-4E90-92A4-58916B0D07CC}.Debug|Any CPU.ActiveCfg = Debug|x86
		{9F1EB146-E82E-4E90-92A4-58916B0D07CC}.Debug|ARM.ActiveCfg = Debug|ARM
		{9F1EB146-E82E-4E90-92A4-58916B0D07CC}.Debug|ARM.Build.0 = Debug|ARM
		{9F1EB146-E82E-4E90-92A4-58916B0D07CC}.Debug|ARM.Deploy.0 = Debug|ARM
		{9F1EB146-E82E-4E90-92A4-58916B0D07CC}.Debug|iPhone.ActiveCfg = Debug|x86
		{9F1EB146-E82E-4E90-92A4-58916B0D07CC}.Debug|iPhoneSimulator.ActiveCfg = Debug|x86
		{9F1EB146-E82E-4E90-92A4-58916B0D07CC}.Debug|x64.ActiveCfg = Debug|x64
		{9F1EB146-E82E-4E90-92A4-58916B0D07CC}.Debug|x64.Build.0 = Debug|x64
		{9F1EB146-E82E-4E90-92A4-58916B0D07CC}.Debug|x64.Deploy.0 = Debug|x64
		{9F1EB146-E82E-4E90-92A4-58916B0D07CC}.Debug|x86.ActiveCfg = Debug|x86
		{9F1EB146-E82E-4E90-92A4-58916B0D07CC}.Debug|x86.Build.0 = Debug|x86
		{9F1EB146-E82E-4E90-92A4-58916B0D07CC}.Debug|x86.Deploy.0 = Debug|x86
		{9F1EB146-E82E-4E90-92A4-58916B0D07CC}.Release|Any CPU.ActiveCfg = Release|x86
		{9F1EB146-E82E-4E90-92A4-58916B0D07CC}.Release|ARM.ActiveCfg = Release|ARM
		{9F1EB146-E82E-4E90-92A4-58916B0D07CC}.Release|ARM.Build.0 = Release|ARM
		{9F1EB146-E82E-4E90-92A4-58916B0D07CC}.Release|ARM.Deploy.0 = Release|ARM
		{9F1EB146-E82E-4E90-92A4-58916B0D07CC}.Release|iPhone.ActiveCfg = Release|x86
		{9F1EB146-E82E-4E90-92A4-58916B0D07CC}.Release|iPhoneSimulator.ActiveCfg = Release|x86
		{9F1EB146-E82E-4E90-92A4-58916B0D07CC}.Release|x64.ActiveCfg = Release|x64
		{9F1EB146-E82E-4E90-92A4-58916B0D07CC}.Release|x64.Build.0 = Release|x64
		{9F1EB146-E82E-4E90-92A4-58916B0D07CC}.Release|x64.Deploy.0 = Release|x64
		{9F1EB146-E82E-4E90-92A4-58916B0D07CC}.Release|x86.ActiveCfg = Release|x86
		{9F1EB146-E82E-4E90-92A4-58916B0D07CC}.Release|x86.Build.0 = Release|x86
		{9F1EB146-E82E-4E90-92A4-58916B0D07CC}.Release|x86.Deploy.0 = Release|x86
		{82FE5FAC-94A5-47DB-BF5A-D696A0203313}.Ad-Hoc|Any CPU.ActiveCfg = Debug|Any CPU
		{82FE5FAC-94A5-47DB-BF5A-D696A0203313}.Ad-Hoc|Any CPU.Build.0 = Debug|Any CPU
		{82FE5FAC-94A5-47DB-BF5A-D696A0203313}.Ad-Hoc|ARM.ActiveCfg = Debug|Any CPU
		{82FE5FAC-94A5-47DB-BF5A-D696A0203313}.Ad-Hoc|ARM.Build.0 = Debug|Any CPU
		{82FE5FAC-94A5-47DB-BF5A-D696A0203313}.Ad-Hoc|iPhone.ActiveCfg = Debug|Any CPU
		{82FE5FAC-94A5-47DB-BF5A-D696A0203313}.Ad-Hoc|iPhone.Build.0 = Debug|Any CPU
		{82FE5FAC-94A5-47DB-BF5A-D696A0203313}.Ad-Hoc|iPhoneSimulator.ActiveCfg = Debug|Any CPU
		{82FE5FAC-94A5-47DB-BF5A-D696A0203313}.Ad-Hoc|iPhoneSimulator.Build.0 = Debug|Any CPU
		{82FE5FAC-94A5-47DB-BF5A-D696A0203313}.Ad-Hoc|x64.ActiveCfg = Debug|Any CPU
		{82FE5FAC-94A5-47DB-BF5A-D696A0203313}.Ad-Hoc|x64.Build.0 = Debug|Any CPU
		{82FE5FAC-94A5-47DB-BF5A-D696A0203313}.Ad-Hoc|x86.ActiveCfg = Debug|Any CPU
		{82FE5FAC-94A5-47DB-BF5A-D696A0203313}.Ad-Hoc|x86.Build.0 = Debug|Any CPU
		{82FE5FAC-94A5-47DB-BF5A-D696A0203313}.AppStore|Any CPU.ActiveCfg = Debug|Any CPU
		{82FE5FAC-94A5-47DB-BF5A-D696A0203313}.AppStore|Any CPU.Build.0 = Debug|Any CPU
		{82FE5FAC-94A5-47DB-BF5A-D696A0203313}.AppStore|ARM.ActiveCfg = Debug|Any CPU
		{82FE5FAC-94A5-47DB-BF5A-D696A0203313}.AppStore|ARM.Build.0 = Debug|Any CPU
		{82FE5FAC-94A5-47DB-BF5A-D696A0203313}.AppStore|iPhone.ActiveCfg = Debug|Any CPU
		{82FE5FAC-94A5-47DB-BF5A-D696A0203313}.AppStore|iPhone.Build.0 = Debug|Any CPU
		{82FE5FAC-94A5-47DB-BF5A-D696A0203313}.AppStore|iPhoneSimulator.ActiveCfg = Debug|Any CPU
		{82FE5FAC-94A5-47DB-BF5A-D696A0203313}.AppStore|iPhoneSimulator.Build.0 = Debug|Any CPU
		{82FE5FAC-94A5-47DB-BF5A-D696A0203313}.AppStore|x64.ActiveCfg = Debug|Any CPU
		{82FE5FAC-94A5-47DB-BF5A-D696A0203313}.AppStore|x64.Build.0 = Debug|Any CPU
		{82FE5FAC-94A5-47DB-BF5A-D696A0203313}.AppStore|x86.ActiveCfg = Debug|Any CPU
		{82FE5FAC-94A5-47DB-BF5A-D696A0203313}.AppStore|x86.Build.0 = Debug|Any CPU
		{82FE5FAC-94A5-47DB-BF5A-D696A0203313}.Debug|Any CPU.ActiveCfg = Debug|Any CPU
		{82FE5FAC-94A5-47DB-BF5A-D696A0203313}.Debug|Any CPU.Build.0 = Debug|Any CPU
		{82FE5FAC-94A5-47DB-BF5A-D696A0203313}.Debug|ARM.ActiveCfg = Debug|Any CPU
		{82FE5FAC-94A5-47DB-BF5A-D696A0203313}.Debug|ARM.Build.0 = Debug|Any CPU
		{82FE5FAC-94A5-47DB-BF5A-D696A0203313}.Debug|iPhone.ActiveCfg = Debug|Any CPU
		{82FE5FAC-94A5-47DB-BF5A-D696A0203313}.Debug|iPhone.Build.0 = Debug|Any CPU
		{82FE5FAC-94A5-47DB-BF5A-D696A0203313}.Debug|iPhoneSimulator.ActiveCfg = Debug|Any CPU
		{82FE5FAC-94A5-47DB-BF5A-D696A0203313}.Debug|iPhoneSimulator.Build.0 = Debug|Any CPU
		{82FE5FAC-94A5-47DB-BF5A-D696A0203313}.Debug|x64.ActiveCfg = Debug|Any CPU
		{82FE5FAC-94A5-47DB-BF5A-D696A0203313}.Debug|x64.Build.0 = Debug|Any CPU
		{82FE5FAC-94A5-47DB-BF5A-D696A0203313}.Debug|x86.ActiveCfg = Debug|Any CPU
		{82FE5FAC-94A5-47DB-BF5A-D696A0203313}.Debug|x86.Build.0 = Debug|Any CPU
		{82FE5FAC-94A5-47DB-BF5A-D696A0203313}.Release|Any CPU.ActiveCfg = Release|Any CPU
		{82FE5FAC-94A5-47DB-BF5A-D696A0203313}.Release|Any CPU.Build.0 = Release|Any CPU
		{82FE5FAC-94A5-47DB-BF5A-D696A0203313}.Release|ARM.ActiveCfg = Release|Any CPU
		{82FE5FAC-94A5-47DB-BF5A-D696A0203313}.Release|ARM.Build.0 = Release|Any CPU
		{82FE5FAC-94A5-47DB-BF5A-D696A0203313}.Release|iPhone.ActiveCfg = Release|Any CPU
		{82FE5FAC-94A5-47DB-BF5A-D696A0203313}.Release|iPhone.Build.0 = Release|Any CPU
		{82FE5FAC-94A5-47DB-BF5A-D696A0203313}.Release|iPhoneSimulator.ActiveCfg = Release|Any CPU
		{82FE5FAC-94A5-47DB-BF5A-D696A0203313}.Release|iPhoneSimulator.Build.0 = Release|Any CPU
		{82FE5FAC-94A5-47DB-BF5A-D696A0203313}.Release|x64.ActiveCfg = Release|Any CPU
		{82FE5FAC-94A5-47DB-BF5A-D696A0203313}.Release|x64.Build.0 = Release|Any CPU
		{82FE5FAC-94A5-47DB-BF5A-D696A0203313}.Release|x86.ActiveCfg = Release|Any CPU
		{82FE5FAC-94A5-47DB-BF5A-D696A0203313}.Release|x86.Build.0 = Release|Any CPU
		{78742F17-94FF-491C-A1F7-8CE55ECCDB70}.Ad-Hoc|Any CPU.ActiveCfg = Debug|Any CPU
		{78742F17-94FF-491C-A1F7-8CE55ECCDB70}.Ad-Hoc|Any CPU.Build.0 = Debug|Any CPU
		{78742F17-94FF-491C-A1F7-8CE55ECCDB70}.Ad-Hoc|ARM.ActiveCfg = Debug|Any CPU
		{78742F17-94FF-491C-A1F7-8CE55ECCDB70}.Ad-Hoc|ARM.Build.0 = Debug|Any CPU
		{78742F17-94FF-491C-A1F7-8CE55ECCDB70}.Ad-Hoc|iPhone.ActiveCfg = Debug|Any CPU
		{78742F17-94FF-491C-A1F7-8CE55ECCDB70}.Ad-Hoc|iPhone.Build.0 = Debug|Any CPU
		{78742F17-94FF-491C-A1F7-8CE55ECCDB70}.Ad-Hoc|iPhoneSimulator.ActiveCfg = Debug|Any CPU
		{78742F17-94FF-491C-A1F7-8CE55ECCDB70}.Ad-Hoc|iPhoneSimulator.Build.0 = Debug|Any CPU
		{78742F17-94FF-491C-A1F7-8CE55ECCDB70}.Ad-Hoc|x64.ActiveCfg = Debug|Any CPU
		{78742F17-94FF-491C-A1F7-8CE55ECCDB70}.Ad-Hoc|x64.Build.0 = Debug|Any CPU
		{78742F17-94FF-491C-A1F7-8CE55ECCDB70}.Ad-Hoc|x86.ActiveCfg = Debug|Any CPU
		{78742F17-94FF-491C-A1F7-8CE55ECCDB70}.Ad-Hoc|x86.Build.0 = Debug|Any CPU
		{78742F17-94FF-491C-A1F7-8CE55ECCDB70}.AppStore|Any CPU.ActiveCfg = Debug|Any CPU
		{78742F17-94FF-491C-A1F7-8CE55ECCDB70}.AppStore|Any CPU.Build.0 = Debug|Any CPU
		{78742F17-94FF-491C-A1F7-8CE55ECCDB70}.AppStore|ARM.ActiveCfg = Debug|Any CPU
		{78742F17-94FF-491C-A1F7-8CE55ECCDB70}.AppStore|ARM.Build.0 = Debug|Any CPU
		{78742F17-94FF-491C-A1F7-8CE55ECCDB70}.AppStore|iPhone.ActiveCfg = Debug|Any CPU
		{78742F17-94FF-491C-A1F7-8CE55ECCDB70}.AppStore|iPhone.Build.0 = Debug|Any CPU
		{78742F17-94FF-491C-A1F7-8CE55ECCDB70}.AppStore|iPhoneSimulator.ActiveCfg = Debug|Any CPU
		{78742F17-94FF-491C-A1F7-8CE55ECCDB70}.AppStore|iPhoneSimulator.Build.0 = Debug|Any CPU
		{78742F17-94FF-491C-A1F7-8CE55ECCDB70}.AppStore|x64.ActiveCfg = Debug|Any CPU
		{78742F17-94FF-491C-A1F7-8CE55ECCDB70}.AppStore|x64.Build.0 = Debug|Any CPU
		{78742F17-94FF-491C-A1F7-8CE55ECCDB70}.AppStore|x86.ActiveCfg = Debug|Any CPU
		{78742F17-94FF-491C-A1F7-8CE55ECCDB70}.AppStore|x86.Build.0 = Debug|Any CPU
		{78742F17-94FF-491C-A1F7-8CE55ECCDB70}.Debug|Any CPU.ActiveCfg = Debug|Any CPU
		{78742F17-94FF-491C-A1F7-8CE55ECCDB70}.Debug|Any CPU.Build.0 = Debug|Any CPU
		{78742F17-94FF-491C-A1F7-8CE55ECCDB70}.Debug|ARM.ActiveCfg = Debug|Any CPU
		{78742F17-94FF-491C-A1F7-8CE55ECCDB70}.Debug|ARM.Build.0 = Debug|Any CPU
		{78742F17-94FF-491C-A1F7-8CE55ECCDB70}.Debug|iPhone.ActiveCfg = Debug|Any CPU
		{78742F17-94FF-491C-A1F7-8CE55ECCDB70}.Debug|iPhone.Build.0 = Debug|Any CPU
		{78742F17-94FF-491C-A1F7-8CE55ECCDB70}.Debug|iPhoneSimulator.ActiveCfg = Debug|Any CPU
		{78742F17-94FF-491C-A1F7-8CE55ECCDB70}.Debug|iPhoneSimulator.Build.0 = Debug|Any CPU
		{78742F17-94FF-491C-A1F7-8CE55ECCDB70}.Debug|x64.ActiveCfg = Debug|Any CPU
		{78742F17-94FF-491C-A1F7-8CE55ECCDB70}.Debug|x64.Build.0 = Debug|Any CPU
		{78742F17-94FF-491C-A1F7-8CE55ECCDB70}.Debug|x86.ActiveCfg = Debug|Any CPU
		{78742F17-94FF-491C-A1F7-8CE55ECCDB70}.Debug|x86.Build.0 = Debug|Any CPU
		{78742F17-94FF-491C-A1F7-8CE55ECCDB70}.Release|Any CPU.ActiveCfg = Release|Any CPU
		{78742F17-94FF-491C-A1F7-8CE55ECCDB70}.Release|Any CPU.Build.0 = Release|Any CPU
		{78742F17-94FF-491C-A1F7-8CE55ECCDB70}.Release|ARM.ActiveCfg = Release|Any CPU
		{78742F17-94FF-491C-A1F7-8CE55ECCDB70}.Release|ARM.Build.0 = Release|Any CPU
		{78742F17-94FF-491C-A1F7-8CE55ECCDB70}.Release|iPhone.ActiveCfg = Release|Any CPU
		{78742F17-94FF-491C-A1F7-8CE55ECCDB70}.Release|iPhone.Build.0 = Release|Any CPU
		{78742F17-94FF-491C-A1F7-8CE55ECCDB70}.Release|iPhoneSimulator.ActiveCfg = Release|Any CPU
		{78742F17-94FF-491C-A1F7-8CE55ECCDB70}.Release|iPhoneSimulator.Build.0 = Release|Any CPU
		{78742F17-94FF-491C-A1F7-8CE55ECCDB70}.Release|x64.ActiveCfg = Release|Any CPU
		{78742F17-94FF-491C-A1F7-8CE55ECCDB70}.Release|x64.Build.0 = Release|Any CPU
		{78742F17-94FF-491C-A1F7-8CE55ECCDB70}.Release|x86.ActiveCfg = Release|Any CPU
		{78742F17-94FF-491C-A1F7-8CE55ECCDB70}.Release|x86.Build.0 = Release|Any CPU
	EndGlobalSection
	GlobalSection(SolutionProperties) = preSolution
		HideSolutionNode = FALSE
	EndGlobalSection
	GlobalSection(ExtensibilityGlobals) = postSolution
		SolutionGuid = {C17EAA1C-E351-4192-A587-20D62C4F4FCA}
	EndGlobalSection
EndGlobal
