
Microsoft Visual Studio Solution File, Format Version 12.00
# Visual Studio 15
VisualStudioVersion = 15.0.28307.329
MinimumVisualStudioVersion = 10.0.40219.1
Project("{9A19103F-16F7-4668-BE54-9A1E7A4F7556}") = "MqttSample", "MqttSample\MqttSample\MqttSample.csproj", "{A4132CBD-0AD5-4C66-9D27-F8A8D60F5922}"
EndProject
Project("{FAE04EC0-301F-11D3-BF4B-00C04F79EFBC}") = "MqttSample.Android", "MqttSample\MqttSample.Android\MqttSample.Android.csproj", "{D7F749C5-DF48-4575-B3D9-180B5E07E9FF}"
EndProject
Project("{FAE04EC0-301F-11D3-BF4B-00C04F79EFBC}") = "MqttSample.iOS", "MqttSample\MqttSample.iOS\MqttSample.iOS.csproj", "{BA3A1AB6-4693-4166-9384-CEC629008B43}"
EndProject
Project("{FAE04EC0-301F-11D3-BF4B-00C04F79EFBC}") = "MqttSample.UWP", "MqttSample\MqttSample.UWP\MqttSample.UWP.csproj", "{74BF6A96-18B0-48C1-9EC6-CA5003EC74F7}"
EndProject
Project("{9A19103F-16F7-4668-BE54-9A1E7A4F7556}") = "MqttDataService", "MqttDataService\MqttDataService.csproj", "{AFE305B8-B17E-498B-8CF7-4AD5AEE56193}"
EndProject
Project("{9A19103F-16F7-4668-BE54-9A1E7A4F7556}") = "Messaging", "Messaging\Messaging.csproj", "{05A36578-8DC2-4AFB-B77D-9F6DF6D57A8E}"
EndProject
Project("{2150E333-8FDC-42A3-9474-1A3956D46DE8}") = "Solution Items", "Solution Items", "{111F1675-BAF3-4C27-8F62-E6DC2397263C}"
	ProjectSection(SolutionItems) = preProject
		images\MainPage.JPG = images\MainPage.JPG
		ReadMe.MD = ReadMe.MD
	EndProjectSection
EndProject
Global
	GlobalSection(SolutionConfigurationPlatforms) = preSolution
		Ad-Hoc|Any CPU = Ad-Hoc|Any CPU
		Ad-Hoc|ARM = Ad-Hoc|ARM
		Ad-Hoc|iPhone = Ad-Hoc|iPhone
		Ad-Hoc|iPhoneSimulator = Ad-Hoc|iPhoneSimulator
		Ad-Hoc|x64 = Ad-Hoc|x64
		Ad-Hoc|x86 = Ad-Hoc|x86
		AppStore|Any CPU = AppStore|Any CPU
		AppStore|ARM = AppStore|ARM
		AppStore|iPhone = AppStore|iPhone
		AppStore|iPhoneSimulator = AppStore|iPhoneSimulator
		AppStore|x64 = AppStore|x64
		AppStore|x86 = AppStore|x86
		Debug|Any CPU = Debug|Any CPU
		Debug|ARM = Debug|ARM
		Debug|iPhone = Debug|iPhone
		Debug|iPhoneSimulator = Debug|iPhoneSimulator
		Debug|x64 = Debug|x64
		Debug|x86 = Debug|x86
		Release|Any CPU = Release|Any CPU
		Release|ARM = Release|ARM
		Release|iPhone = Release|iPhone
		Release|iPhoneSimulator = Release|iPhoneSimulator
		Release|x64 = Release|x64
		Release|x86 = Release|x86
	EndGlobalSection
	GlobalSection(ProjectConfigurationPlatforms) = postSolution
		{A4132CBD-0AD5-4C66-9D27-F8A8D60F5922}.Ad-Hoc|Any CPU.ActiveCfg = Debug|Any CPU
		{A4132CBD-0AD5-4C66-9D27-F8A8D60F5922}.Ad-Hoc|Any CPU.Build.0 = Debug|Any CPU
		{A4132CBD-0AD5-4C66-9D27-F8A8D60F5922}.Ad-Hoc|ARM.ActiveCfg = Debug|Any CPU
		{A4132CBD-0AD5-4C66-9D27-F8A8D60F5922}.Ad-Hoc|ARM.Build.0 = Debug|Any CPU
		{A4132CBD-0AD5-4C66-9D27-F8A8D60F5922}.Ad-Hoc|iPhone.ActiveCfg = Debug|Any CPU
		{A4132CBD-0AD5-4C66-9D27-F8A8D60F5922}.Ad-Hoc|iPhone.Build.0 = Debug|Any CPU
		{A4132CBD-0AD5-4C66-9D27-F8A8D60F5922}.Ad-Hoc|iPhoneSimulator.ActiveCfg = Debug|Any CPU
		{A4132CBD-0AD5-4C66-9D27-F8A8D60F5922}.Ad-Hoc|iPhoneSimulator.Build.0 = Debug|Any CPU
		{A4132CBD-0AD5-4C66-9D27-F8A8D60F5922}.Ad-Hoc|x64.ActiveCfg = Debug|Any CPU
		{A4132CBD-0AD5-4C66-9D27-F8A8D60F5922}.Ad-Hoc|x64.Build.0 = Debug|Any CPU
		{A4132CBD-0AD5-4C66-9D27-F8A8D60F5922}.Ad-Hoc|x86.ActiveCfg = Debug|Any CPU
		{A4132CBD-0AD5-4C66-9D27-F8A8D60F5922}.Ad-Hoc|x86.Build.0 = Debug|Any CPU
		{A4132CBD-0AD5-4C66-9D27-F8A8D60F5922}.AppStore|Any CPU.ActiveCfg = Debug|Any CPU
		{A4132CBD-0AD5-4C66-9D27-F8A8D60F5922}.AppStore|Any CPU.Build.0 = Debug|Any CPU
		{A4132CBD-0AD5-4C66-9D27-F8A8D60F5922}.AppStore|ARM.ActiveCfg = Debug|Any CPU
		{A4132CBD-0AD5-4C66-9D27-F8A8D60F5922}.AppStore|ARM.Build.0 = Debug|Any CPU
		{A4132CBD-0AD5-4C66-9D27-F8A8D60F5922}.AppStore|iPhone.ActiveCfg = Debug|Any CPU
		{A4132CBD-0AD5-4C66-9D27-F8A8D60F5922}.AppStore|iPhone.Build.0 = Debug|Any CPU
		{A4132CBD-0AD5-4C66-9D27-F8A8D60F5922}.AppStore|iPhoneSimulator.ActiveCfg = Debug|Any CPU
		{A4132CBD-0AD5-4C66-9D27-F8A8D60F5922}.AppStore|iPhoneSimulator.Build.0 = Debug|Any CPU
		{A4132CBD-0AD5-4C66-9D27-F8A8D60F5922}.AppStore|x64.ActiveCfg = Debug|Any CPU
		{A4132CBD-0AD5-4C66-9D27-F8A8D60F5922}.AppStore|x64.Build.0 = Debug|Any CPU
		{A4132CBD-0AD5-4C66-9D27-F8A8D60F5922}.AppStore|x86.ActiveCfg = Debug|Any CPU
		{A4132CBD-0AD5-4C66-9D27-F8A8D60F5922}.AppStore|x86.Build.0 = Debug|Any CPU
		{A4132CBD-0AD5-4C66-9D27-F8A8D60F5922}.Debug|Any CPU.ActiveCfg = Debug|Any CPU
		{A4132CBD-0AD5-4C66-9D27-F8A8D60F5922}.Debug|Any CPU.Build.0 = Debug|Any CPU
		{A4132CBD-0AD5-4C66-9D27-F8A8D60F5922}.Debug|ARM.ActiveCfg = Debug|Any CPU
		{A4132CBD-0AD5-4C66-9D27-F8A8D60F5922}.Debug|ARM.Build.0 = Debug|Any CPU
		{A4132CBD-0AD5-4C66-9D27-F8A8D60F5922}.Debug|iPhone.ActiveCfg = Debug|Any CPU
		{A4132CBD-0AD5-4C66-9D27-F8A8D60F5922}.Debug|iPhone.Build.0 = Debug|Any CPU
		{A4132CBD-0AD5-4C66-9D27-F8A8D60F5922}.Debug|iPhoneSimulator.ActiveCfg = Debug|Any CPU
		{A4132CBD-0AD5-4C66-9D27-F8A8D60F5922}.Debug|iPhoneSimulator.Build.0 = Debug|Any CPU
		{A4132CBD-0AD5-4C66-9D27-F8A8D60F5922}.Debug|x64.ActiveCfg = Debug|Any CPU
		{A4132CBD-0AD5-4C66-9D27-F8A8D60F5922}.Debug|x64.Build.0 = Debug|Any CPU
		{A4132CBD-0AD5-4C66-9D27-F8A8D60F5922}.Debug|x86.ActiveCfg = Debug|Any CPU
		{A4132CBD-0AD5-4C66-9D27-F8A8D60F5922}.Debug|x86.Build.0 = Debug|Any CPU
		{A4132CBD-0AD5-4C66-9D27-F8A8D60F5922}.Release|Any CPU.ActiveCfg = Release|Any CPU
		{A4132CBD-0AD5-4C66-9D27-F8A8D60F5922}.Release|Any CPU.Build.0 = Release|Any CPU
		{A4132CBD-0AD5-4C66-9D27-F8A8D60F5922}.Release|ARM.ActiveCfg = Release|Any CPU
		{A4132CBD-0AD5-4C66-9D27-F8A8D60F5922}.Release|ARM.Build.0 = Release|Any CPU
		{A4132CBD-0AD5-4C66-9D27-F8A8D60F5922}.Release|iPhone.ActiveCfg = Release|Any CPU
		{A4132CBD-0AD5-4C66-9D27-F8A8D60F5922}.Release|iPhone.Build.0 = Release|Any CPU
		{A4132CBD-0AD5-4C66-9D27-F8A8D60F5922}.Release|iPhoneSimulator.ActiveCfg = Release|Any CPU
		{A4132CBD-0AD5-4C66-9D27-F8A8D60F5922}.Release|iPhoneSimulator.Build.0 = Release|Any CPU
		{A4132CBD-0AD5-4C66-9D27-F8A8D60F5922}.Release|x64.ActiveCfg = Release|Any CPU
		{A4132CBD-0AD5-4C66-9D27-F8A8D60F5922}.Release|x64.Build.0 = Release|Any CPU
		{A4132CBD-0AD5-4C66-9D27-F8A8D60F5922}.Release|x86.ActiveCfg = Release|Any CPU
		{A4132CBD-0AD5-4C66-9D27-F8A8D60F5922}.Release|x86.Build.0 = Release|Any CPU
		{D7F749C5-DF48-4575-B3D9-180B5E07E9FF}.Ad-Hoc|Any CPU.ActiveCfg = Release|Any CPU
		{D7F749C5-DF48-4575-B3D9-180B5E07E9FF}.Ad-Hoc|Any CPU.Build.0 = Release|Any CPU
		{D7F749C5-DF48-4575-B3D9-180B5E07E9FF}.Ad-Hoc|Any CPU.Deploy.0 = Release|Any CPU
		{D7F749C5-DF48-4575-B3D9-180B5E07E9FF}.Ad-Hoc|ARM.ActiveCfg = Release|Any CPU
		{D7F749C5-DF48-4575-B3D9-180B5E07E9FF}.Ad-Hoc|ARM.Build.0 = Release|Any CPU
		{D7F749C5-DF48-4575-B3D9-180B5E07E9FF}.Ad-Hoc|ARM.Deploy.0 = Release|Any CPU
		{D7F749C5-DF48-4575-B3D9-180B5E07E9FF}.Ad-Hoc|iPhone.ActiveCfg = Release|Any CPU
		{D7F749C5-DF48-4575-B3D9-180B5E07E9FF}.Ad-Hoc|iPhone.Build.0 = Release|Any CPU
		{D7F749C5-DF48-4575-B3D9-180B5E07E9FF}.Ad-Hoc|iPhone.Deploy.0 = Release|Any CPU
		{D7F749C5-DF48-4575-B3D9-180B5E07E9FF}.Ad-Hoc|iPhoneSimulator.ActiveCfg = Release|Any CPU
		{D7F749C5-DF48-4575-B3D9-180B5E07E9FF}.Ad-Hoc|iPhoneSimulator.Build.0 = Release|Any CPU
		{D7F749C5-DF48-4575-B3D9-180B5E07E9FF}.Ad-Hoc|iPhoneSimulator.Deploy.0 = Release|Any CPU
		{D7F749C5-DF48-4575-B3D9-180B5E07E9FF}.Ad-Hoc|x64.ActiveCfg = Release|Any CPU
		{D7F749C5-DF48-4575-B3D9-180B5E07E9FF}.Ad-Hoc|x64.Build.0 = Release|Any CPU
		{D7F749C5-DF48-4575-B3D9-180B5E07E9FF}.Ad-Hoc|x64.Deploy.0 = Release|Any CPU
		{D7F749C5-DF48-4575-B3D9-180B5E07E9FF}.Ad-Hoc|x86.ActiveCfg = Release|Any CPU
		{D7F749C5-DF48-4575-B3D9-180B5E07E9FF}.Ad-Hoc|x86.Build.0 = Release|Any CPU
		{D7F749C5-DF48-4575-B3D9-180B5E07E9FF}.Ad-Hoc|x86.Deploy.0 = Release|Any CPU
		{D7F749C5-DF48-4575-B3D9-180B5E07E9FF}.AppStore|Any CPU.ActiveCfg = Release|Any CPU
		{D7F749C5-DF48-4575-B3D9-180B5E07E9FF}.AppStore|Any CPU.Build.0 = Release|Any CPU
		{D7F749C5-DF48-4575-B3D9-180B5E07E9FF}.AppStore|Any CPU.Deploy.0 = Release|Any CPU
		{D7F749C5-DF48-4575-B3D9-180B5E07E9FF}.AppStore|ARM.ActiveCfg = Release|Any CPU
		{D7F749C5-DF48-4575-B3D9-180B5E07E9FF}.AppStore|ARM.Build.0 = Release|Any CPU
		{D7F749C5-DF48-4575-B3D9-180B5E07E9FF}.AppStore|ARM.Deploy.0 = Release|Any CPU
		{D7F749C5-DF48-4575-B3D9-180B5E07E9FF}.AppStore|iPhone.ActiveCfg = Release|Any CPU
		{D7F749C5-DF48-4575-B3D9-180B5E07E9FF}.AppStore|iPhone.Build.0 = Release|Any CPU
		{D7F749C5-DF48-4575-B3D9-180B5E07E9FF}.AppStore|iPhone.Deploy.0 = Release|Any CPU
		{D7F749C5-DF48-4575-B3D9-180B5E07E9FF}.AppStore|iPhoneSimulator.ActiveCfg = Release|Any CPU
		{D7F749C5-DF48-4575-B3D9-180B5E07E9FF}.AppStore|iPhoneSimulator.Build.0 = Release|Any CPU
		{D7F749C5-DF48-4575-B3D9-180B5E07E9FF}.AppStore|iPhoneSimulator.Deploy.0 = Release|Any CPU
		{D7F749C5-DF48-4575-B3D9-180B5E07E9FF}.AppStore|x64.ActiveCfg = Release|Any CPU
		{D7F749C5-DF48-4575-B3D9-180B5E07E9FF}.AppStore|x64.Build.0 = Release|Any CPU
		{D7F749C5-DF48-4575-B3D9-180B5E07E9FF}.AppStore|x64.Deploy.0 = Release|Any CPU
		{D7F749C5-DF48-4575-B3D9-180B5E07E9FF}.AppStore|x86.ActiveCfg = Release|Any CPU
		{D7F749C5-DF48-4575-B3D9-180B5E07E9FF}.AppStore|x86.Build.0 = Release|Any CPU
		{D7F749C5-DF48-4575-B3D9-180B5E07E9FF}.AppStore|x86.Deploy.0 = Release|Any CPU
		{D7F749C5-DF48-4575-B3D9-180B5E07E9FF}.Debug|Any CPU.ActiveCfg = Debug|Any CPU
		{D7F749C5-DF48-4575-B3D9-180B5E07E9FF}.Debug|Any CPU.Build.0 = Debug|Any CPU
		{D7F749C5-DF48-4575-B3D9-180B5E07E9FF}.Debug|Any CPU.Deploy.0 = Debug|Any CPU
		{D7F749C5-DF48-4575-B3D9-180B5E07E9FF}.Debug|ARM.ActiveCfg = Debug|Any CPU
		{D7F749C5-DF48-4575-B3D9-180B5E07E9FF}.Debug|ARM.Build.0 = Debug|Any CPU
		{D7F749C5-DF48-4575-B3D9-180B5E07E9FF}.Debug|ARM.Deploy.0 = Debug|Any CPU
		{D7F749C5-DF48-4575-B3D9-180B5E07E9FF}.Debug|iPhone.ActiveCfg = Debug|Any CPU
		{D7F749C5-DF48-4575-B3D9-180B5E07E9FF}.Debug|iPhone.Build.0 = Debug|Any CPU
		{D7F749C5-DF48-4575-B3D9-180B5E07E9FF}.Debug|iPhone.Deploy.0 = Debug|Any CPU
		{D7F749C5-DF48-4575-B3D9-180B5E07E9FF}.Debug|iPhoneSimulator.ActiveCfg = Debug|Any CPU
		{D7F749C5-DF48-4575-B3D9-180B5E07E9FF}.Debug|iPhoneSimulator.Build.0 = Debug|Any CPU
		{D7F749C5-DF48-4575-B3D9-180B5E07E9FF}.Debug|iPhoneSimulator.Deploy.0 = Debug|Any CPU
		{D7F749C5-DF48-4575-B3D9-180B5E07E9FF}.Debug|x64.ActiveCfg = Debug|Any CPU
		{D7F749C5-DF48-4575-B3D9-180B5E07E9FF}.Debug|x64.Build.0 = Debug|Any CPU
		{D7F749C5-DF48-4575-B3D9-180B5E07E9FF}.Debug|x64.Deploy.0 = Debug|Any CPU
		{D7F749C5-DF48-4575-B3D9-180B5E07E9FF}.Debug|x86.ActiveCfg = Debug|Any CPU
		{D7F749C5-DF48-4575-B3D9-180B5E07E9FF}.Debug|x86.Build.0 = Debug|Any CPU
		{D7F749C5-DF48-4575-B3D9-180B5E07E9FF}.Debug|x86.Deploy.0 = Debug|Any CPU
		{D7F749C5-DF48-4575-B3D9-180B5E07E9FF}.Release|Any CPU.ActiveCfg = Release|Any CPU
		{D7F749C5-DF48-4575-B3D9-180B5E07E9FF}.Release|Any CPU.Build.0 = Release|Any CPU
		{D7F749C5-DF48-4575-B3D9-180B5E07E9FF}.Release|Any CPU.Deploy.0 = Release|Any CPU
		{D7F749C5-DF48-4575-B3D9-180B5E07E9FF}.Release|ARM.ActiveCfg = Release|Any CPU
		{D7F749C5-DF48-4575-B3D9-180B5E07E9FF}.Release|ARM.Build.0 = Release|Any CPU
		{D7F749C5-DF48-4575-B3D9-180B5E07E9FF}.Release|ARM.Deploy.0 = Release|Any CPU
		{D7F749C5-DF48-4575-B3D9-180B5E07E9FF}.Release|iPhone.ActiveCfg = Release|Any CPU
		{D7F749C5-DF48-4575-B3D9-180B5E07E9FF}.Release|iPhone.Build.0 = Release|Any CPU
		{D7F749C5-DF48-4575-B3D9-180B5E07E9FF}.Release|iPhone.Deploy.0 = Release|Any CPU
		{D7F749C5-DF48-4575-B3D9-180B5E07E9FF}.Release|iPhoneSimulator.ActiveCfg = Release|Any CPU
		{D7F749C5-DF48-4575-B3D9-180B5E07E9FF}.Release|iPhoneSimulator.Build.0 = Release|Any CPU
		{D7F749C5-DF48-4575-B3D9-180B5E07E9FF}.Release|iPhoneSimulator.Deploy.0 = Release|Any CPU
		{D7F749C5-DF48-4575-B3D9-180B5E07E9FF}.Release|x64.ActiveCfg = Release|Any CPU
		{D7F749C5-DF48-4575-B3D9-180B5E07E9FF}.Release|x64.Build.0 = Release|Any CPU
		{D7F749C5-DF48-4575-B3D9-180B5E07E9FF}.Release|x64.Deploy.0 = Release|Any CPU
		{D7F749C5-DF48-4575-B3D9-180B5E07E9FF}.Release|x86.ActiveCfg = Release|Any CPU
		{D7F749C5-DF48-4575-B3D9-180B5E07E9FF}.Release|x86.Build.0 = Release|Any CPU
		{D7F749C5-DF48-4575-B3D9-180B5E07E9FF}.Release|x86.Deploy.0 = Release|Any CPU
		{BA3A1AB6-4693-4166-9384-CEC629008B43}.Ad-Hoc|Any CPU.ActiveCfg = Ad-Hoc|iPhone
		{BA3A1AB6-4693-4166-9384-CEC629008B43}.Ad-Hoc|ARM.ActiveCfg = Ad-Hoc|iPhone
		{BA3A1AB6-4693-4166-9384-CEC629008B43}.Ad-Hoc|iPhone.ActiveCfg = Ad-Hoc|iPhone
		{BA3A1AB6-4693-4166-9384-CEC629008B43}.Ad-Hoc|iPhone.Build.0 = Ad-Hoc|iPhone
		{BA3A1AB6-4693-4166-9384-CEC629008B43}.Ad-Hoc|iPhoneSimulator.ActiveCfg = Ad-Hoc|iPhoneSimulator
		{BA3A1AB6-4693-4166-9384-CEC629008B43}.Ad-Hoc|iPhoneSimulator.Build.0 = Ad-Hoc|iPhoneSimulator
		{BA3A1AB6-4693-4166-9384-CEC629008B43}.Ad-Hoc|x64.ActiveCfg = Ad-Hoc|iPhone
		{BA3A1AB6-4693-4166-9384-CEC629008B43}.Ad-Hoc|x86.ActiveCfg = Ad-Hoc|iPhone
		{BA3A1AB6-4693-4166-9384-CEC629008B43}.AppStore|Any CPU.ActiveCfg = AppStore|iPhone
		{BA3A1AB6-4693-4166-9384-CEC629008B43}.AppStore|ARM.ActiveCfg = AppStore|iPhone
		{BA3A1AB6-4693-4166-9384-CEC629008B43}.AppStore|iPhone.ActiveCfg = AppStore|iPhone
		{BA3A1AB6-4693-4166-9384-CEC629008B43}.AppStore|iPhone.Build.0 = AppStore|iPhone
		{BA3A1AB6-4693-4166-9384-CEC629008B43}.AppStore|iPhoneSimulator.ActiveCfg = AppStore|iPhoneSimulator
		{BA3A1AB6-4693-4166-9384-CEC629008B43}.AppStore|iPhoneSimulator.Build.0 = AppStore|iPhoneSimulator
		{BA3A1AB6-4693-4166-9384-CEC629008B43}.AppStore|x64.ActiveCfg = AppStore|iPhone
		{BA3A1AB6-4693-4166-9384-CEC629008B43}.AppStore|x86.ActiveCfg = AppStore|iPhone
		{BA3A1AB6-4693-4166-9384-CEC629008B43}.Debug|Any CPU.ActiveCfg = Debug|iPhone
		{BA3A1AB6-4693-4166-9384-CEC629008B43}.Debug|ARM.ActiveCfg = Debug|iPhone
		{BA3A1AB6-4693-4166-9384-CEC629008B43}.Debug|iPhone.ActiveCfg = Debug|iPhone
		{BA3A1AB6-4693-4166-9384-CEC629008B43}.Debug|iPhone.Build.0 = Debug|iPhone
		{BA3A1AB6-4693-4166-9384-CEC629008B43}.Debug|iPhoneSimulator.ActiveCfg = Debug|iPhoneSimulator
		{BA3A1AB6-4693-4166-9384-CEC629008B43}.Debug|iPhoneSimulator.Build.0 = Debug|iPhoneSimulator
		{BA3A1AB6-4693-4166-9384-CEC629008B43}.Debug|x64.ActiveCfg = Debug|iPhone
		{BA3A1AB6-4693-4166-9384-CEC629008B43}.Debug|x86.ActiveCfg = Debug|iPhone
		{BA3A1AB6-4693-4166-9384-CEC629008B43}.Release|Any CPU.ActiveCfg = Release|iPhone
		{BA3A1AB6-4693-4166-9384-CEC629008B43}.Release|ARM.ActiveCfg = Release|iPhone
		{BA3A1AB6-4693-4166-9384-CEC629008B43}.Release|iPhone.ActiveCfg = Release|iPhone
		{BA3A1AB6-4693-4166-9384-CEC629008B43}.Release|iPhone.Build.0 = Release|iPhone
		{BA3A1AB6-4693-4166-9384-CEC629008B43}.Release|iPhoneSimulator.ActiveCfg = Release|iPhoneSimulator
		{BA3A1AB6-4693-4166-9384-CEC629008B43}.Release|iPhoneSimulator.Build.0 = Release|iPhoneSimulator
		{BA3A1AB6-4693-4166-9384-CEC629008B43}.Release|x64.ActiveCfg = Release|iPhone
		{BA3A1AB6-4693-4166-9384-CEC629008B43}.Release|x86.ActiveCfg = Release|iPhone
		{74BF6A96-18B0-48C1-9EC6-CA5003EC74F7}.Ad-Hoc|Any CPU.ActiveCfg = Release|x86
		{74BF6A96-18B0-48C1-9EC6-CA5003EC74F7}.Ad-Hoc|Any CPU.Build.0 = Release|x86
		{74BF6A96-18B0-48C1-9EC6-CA5003EC74F7}.Ad-Hoc|Any CPU.Deploy.0 = Release|x86
		{74BF6A96-18B0-48C1-9EC6-CA5003EC74F7}.Ad-Hoc|ARM.ActiveCfg = Release|ARM
		{74BF6A96-18B0-48C1-9EC6-CA5003EC74F7}.Ad-Hoc|ARM.Build.0 = Release|ARM
		{74BF6A96-18B0-48C1-9EC6-CA5003EC74F7}.Ad-Hoc|ARM.Deploy.0 = Release|ARM
		{74BF6A96-18B0-48C1-9EC6-CA5003EC74F7}.Ad-Hoc|iPhone.ActiveCfg = Release|x86
		{74BF6A96-18B0-48C1-9EC6-CA5003EC74F7}.Ad-Hoc|iPhone.Build.0 = Release|x86
		{74BF6A96-18B0-48C1-9EC6-CA5003EC74F7}.Ad-Hoc|iPhone.Deploy.0 = Release|x86
		{74BF6A96-18B0-48C1-9EC6-CA5003EC74F7}.Ad-Hoc|iPhoneSimulator.ActiveCfg = Release|x86
		{74BF6A96-18B0-48C1-9EC6-CA5003EC74F7}.Ad-Hoc|iPhoneSimulator.Build.0 = Release|x86
		{74BF6A96-18B0-48C1-9EC6-CA5003EC74F7}.Ad-Hoc|iPhoneSimulator.Deploy.0 = Release|x86
		{74BF6A96-18B0-48C1-9EC6-CA5003EC74F7}.Ad-Hoc|x64.ActiveCfg = Release|x64
		{74BF6A96-18B0-48C1-9EC6-CA5003EC74F7}.Ad-Hoc|x64.Build.0 = Release|x64
		{74BF6A96-18B0-48C1-9EC6-CA5003EC74F7}.Ad-Hoc|x64.Deploy.0 = Release|x64
		{74BF6A96-18B0-48C1-9EC6-CA5003EC74F7}.Ad-Hoc|x86.ActiveCfg = Release|x86
		{74BF6A96-18B0-48C1-9EC6-CA5003EC74F7}.Ad-Hoc|x86.Build.0 = Release|x86
		{74BF6A96-18B0-48C1-9EC6-CA5003EC74F7}.Ad-Hoc|x86.Deploy.0 = Release|x86
		{74BF6A96-18B0-48C1-9EC6-CA5003EC74F7}.AppStore|Any CPU.ActiveCfg = Release|x86
		{74BF6A96-18B0-48C1-9EC6-CA5003EC74F7}.AppStore|Any CPU.Build.0 = Release|x86
		{74BF6A96-18B0-48C1-9EC6-CA5003EC74F7}.AppStore|Any CPU.Deploy.0 = Release|x86
		{74BF6A96-18B0-48C1-9EC6-CA5003EC74F7}.AppStore|ARM.ActiveCfg = Release|ARM
		{74BF6A96-18B0-48C1-9EC6-CA5003EC74F7}.AppStore|ARM.Build.0 = Release|ARM
		{74BF6A96-18B0-48C1-9EC6-CA5003EC74F7}.AppStore|ARM.Deploy.0 = Release|ARM
		{74BF6A96-18B0-48C1-9EC6-CA5003EC74F7}.AppStore|iPhone.ActiveCfg = Release|x86
		{74BF6A96-18B0-48C1-9EC6-CA5003EC74F7}.AppStore|iPhone.Build.0 = Release|x86
		{74BF6A96-18B0-48C1-9EC6-CA5003EC74F7}.AppStore|iPhone.Deploy.0 = Release|x86
		{74BF6A96-18B0-48C1-9EC6-CA5003EC74F7}.AppStore|iPhoneSimulator.ActiveCfg = Release|x86
		{74BF6A96-18B0-48C1-9EC6-CA5003EC74F7}.AppStore|iPhoneSimulator.Build.0 = Release|x86
		{74BF6A96-18B0-48C1-9EC6-CA5003EC74F7}.AppStore|iPhoneSimulator.Deploy.0 = Release|x86
		{74BF6A96-18B0-48C1-9EC6-CA5003EC74F7}.AppStore|x64.ActiveCfg = Release|x64
		{74BF6A96-18B0-48C1-9EC6-CA5003EC74F7}.AppStore|x64.Build.0 = Release|x64
		{74BF6A96-18B0-48C1-9EC6-CA5003EC74F7}.AppStore|x64.Deploy.0 = Release|x64
		{74BF6A96-18B0-48C1-9EC6-CA5003EC74F7}.AppStore|x86.ActiveCfg = Release|x86
		{74BF6A96-18B0-48C1-9EC6-CA5003EC74F7}.AppStore|x86.Build.0 = Release|x86
		{74BF6A96-18B0-48C1-9EC6-CA5003EC74F7}.AppStore|x86.Deploy.0 = Release|x86
		{74BF6A96-18B0-48C1-9EC6-CA5003EC74F7}.Debug|Any CPU.ActiveCfg = Debug|x86
		{74BF6A96-18B0-48C1-9EC6-CA5003EC74F7}.Debug|ARM.ActiveCfg = Debug|ARM
		{74BF6A96-18B0-48C1-9EC6-CA5003EC74F7}.Debug|ARM.Build.0 = Debug|ARM
		{74BF6A96-18B0-48C1-9EC6-CA5003EC74F7}.Debug|ARM.Deploy.0 = Debug|ARM
		{74BF6A96-18B0-48C1-9EC6-CA5003EC74F7}.Debug|iPhone.ActiveCfg = Debug|x86
		{74BF6A96-18B0-48C1-9EC6-CA5003EC74F7}.Debug|iPhoneSimulator.ActiveCfg = Debug|x86
		{74BF6A96-18B0-48C1-9EC6-CA5003EC74F7}.Debug|x64.ActiveCfg = Debug|x64
		{74BF6A96-18B0-48C1-9EC6-CA5003EC74F7}.Debug|x64.Build.0 = Debug|x64
		{74BF6A96-18B0-48C1-9EC6-CA5003EC74F7}.Debug|x64.Deploy.0 = Debug|x64
		{74BF6A96-18B0-48C1-9EC6-CA5003EC74F7}.Debug|x86.ActiveCfg = Debug|x86
		{74BF6A96-18B0-48C1-9EC6-CA5003EC74F7}.Debug|x86.Build.0 = Debug|x86
		{74BF6A96-18B0-48C1-9EC6-CA5003EC74F7}.Debug|x86.Deploy.0 = Debug|x86
		{74BF6A96-18B0-48C1-9EC6-CA5003EC74F7}.Release|Any CPU.ActiveCfg = Release|x86
		{74BF6A96-18B0-48C1-9EC6-CA5003EC74F7}.Release|ARM.ActiveCfg = Release|ARM
		{74BF6A96-18B0-48C1-9EC6-CA5003EC74F7}.Release|ARM.Build.0 = Release|ARM
		{74BF6A96-18B0-48C1-9EC6-CA5003EC74F7}.Release|ARM.Deploy.0 = Release|ARM
		{74BF6A96-18B0-48C1-9EC6-CA5003EC74F7}.Release|iPhone.ActiveCfg = Release|x86
		{74BF6A96-18B0-48C1-9EC6-CA5003EC74F7}.Release|iPhoneSimulator.ActiveCfg = Release|x86
		{74BF6A96-18B0-48C1-9EC6-CA5003EC74F7}.Release|x64.ActiveCfg = Release|x64
		{74BF6A96-18B0-48C1-9EC6-CA5003EC74F7}.Release|x64.Build.0 = Release|x64
		{74BF6A96-18B0-48C1-9EC6-CA5003EC74F7}.Release|x64.Deploy.0 = Release|x64
		{74BF6A96-18B0-48C1-9EC6-CA5003EC74F7}.Release|x86.ActiveCfg = Release|x86
		{74BF6A96-18B0-48C1-9EC6-CA5003EC74F7}.Release|x86.Build.0 = Release|x86
		{74BF6A96-18B0-48C1-9EC6-CA5003EC74F7}.Release|x86.Deploy.0 = Release|x86
		{AFE305B8-B17E-498B-8CF7-4AD5AEE56193}.Ad-Hoc|Any CPU.ActiveCfg = Debug|Any CPU
		{AFE305B8-B17E-498B-8CF7-4AD5AEE56193}.Ad-Hoc|Any CPU.Build.0 = Debug|Any CPU
		{AFE305B8-B17E-498B-8CF7-4AD5AEE56193}.Ad-Hoc|ARM.ActiveCfg = Debug|Any CPU
		{AFE305B8-B17E-498B-8CF7-4AD5AEE56193}.Ad-Hoc|ARM.Build.0 = Debug|Any CPU
		{AFE305B8-B17E-498B-8CF7-4AD5AEE56193}.Ad-Hoc|iPhone.ActiveCfg = Debug|Any CPU
		{AFE305B8-B17E-498B-8CF7-4AD5AEE56193}.Ad-Hoc|iPhone.Build.0 = Debug|Any CPU
		{AFE305B8-B17E-498B-8CF7-4AD5AEE56193}.Ad-Hoc|iPhoneSimulator.ActiveCfg = Debug|Any CPU
		{AFE305B8-B17E-498B-8CF7-4AD5AEE56193}.Ad-Hoc|iPhoneSimulator.Build.0 = Debug|Any CPU
		{AFE305B8-B17E-498B-8CF7-4AD5AEE56193}.Ad-Hoc|x64.ActiveCfg = Debug|Any CPU
		{AFE305B8-B17E-498B-8CF7-4AD5AEE56193}.Ad-Hoc|x64.Build.0 = Debug|Any CPU
		{AFE305B8-B17E-498B-8CF7-4AD5AEE56193}.Ad-Hoc|x86.ActiveCfg = Debug|Any CPU
		{AFE305B8-B17E-498B-8CF7-4AD5AEE56193}.Ad-Hoc|x86.Build.0 = Debug|Any CPU
		{AFE305B8-B17E-498B-8CF7-4AD5AEE56193}.AppStore|Any CPU.ActiveCfg = Debug|Any CPU
		{AFE305B8-B17E-498B-8CF7-4AD5AEE56193}.AppStore|Any CPU.Build.0 = Debug|Any CPU
		{AFE305B8-B17E-498B-8CF7-4AD5AEE56193}.AppStore|ARM.ActiveCfg = Debug|Any CPU
		{AFE305B8-B17E-498B-8CF7-4AD5AEE56193}.AppStore|ARM.Build.0 = Debug|Any CPU
		{AFE305B8-B17E-498B-8CF7-4AD5AEE56193}.AppStore|iPhone.ActiveCfg = Debug|Any CPU
		{AFE305B8-B17E-498B-8CF7-4AD5AEE56193}.AppStore|iPhone.Build.0 = Debug|Any CPU
		{AFE305B8-B17E-498B-8CF7-4AD5AEE56193}.AppStore|iPhoneSimulator.ActiveCfg = Debug|Any CPU
		{AFE305B8-B17E-498B-8CF7-4AD5AEE56193}.AppStore|iPhoneSimulator.Build.0 = Debug|Any CPU
		{AFE305B8-B17E-498B-8CF7-4AD5AEE56193}.AppStore|x64.ActiveCfg = Debug|Any CPU
		{AFE305B8-B17E-498B-8CF7-4AD5AEE56193}.AppStore|x64.Build.0 = Debug|Any CPU
		{AFE305B8-B17E-498B-8CF7-4AD5AEE56193}.AppStore|x86.ActiveCfg = Debug|Any CPU
		{AFE305B8-B17E-498B-8CF7-4AD5AEE56193}.AppStore|x86.Build.0 = Debug|Any CPU
		{AFE305B8-B17E-498B-8CF7-4AD5AEE56193}.Debug|Any CPU.ActiveCfg = Debug|Any CPU
		{AFE305B8-B17E-498B-8CF7-4AD5AEE56193}.Debug|Any CPU.Build.0 = Debug|Any CPU
		{AFE305B8-B17E-498B-8CF7-4AD5AEE56193}.Debug|ARM.ActiveCfg = Debug|Any CPU
		{AFE305B8-B17E-498B-8CF7-4AD5AEE56193}.Debug|ARM.Build.0 = Debug|Any CPU
		{AFE305B8-B17E-498B-8CF7-4AD5AEE56193}.Debug|iPhone.ActiveCfg = Debug|Any CPU
		{AFE305B8-B17E-498B-8CF7-4AD5AEE56193}.Debug|iPhone.Build.0 = Debug|Any CPU
		{AFE305B8-B17E-498B-8CF7-4AD5AEE56193}.Debug|iPhoneSimulator.ActiveCfg = Debug|Any CPU
		{AFE305B8-B17E-498B-8CF7-4AD5AEE56193}.Debug|iPhoneSimulator.Build.0 = Debug|Any CPU
		{AFE305B8-B17E-498B-8CF7-4AD5AEE56193}.Debug|x64.ActiveCfg = Debug|Any CPU
		{AFE305B8-B17E-498B-8CF7-4AD5AEE56193}.Debug|x64.Build.0 = Debug|Any CPU
		{AFE305B8-B17E-498B-8CF7-4AD5AEE56193}.Debug|x86.ActiveCfg = Debug|Any CPU
		{AFE305B8-B17E-498B-8CF7-4AD5AEE56193}.Debug|x86.Build.0 = Debug|Any CPU
		{AFE305B8-B17E-498B-8CF7-4AD5AEE56193}.Release|Any CPU.ActiveCfg = Release|Any CPU
		{AFE305B8-B17E-498B-8CF7-4AD5AEE56193}.Release|Any CPU.Build.0 = Release|Any CPU
		{AFE305B8-B17E-498B-8CF7-4AD5AEE56193}.Release|ARM.ActiveCfg = Release|Any CPU
		{AFE305B8-B17E-498B-8CF7-4AD5AEE56193}.Release|ARM.Build.0 = Release|Any CPU
		{AFE305B8-B17E-498B-8CF7-4AD5AEE56193}.Release|iPhone.ActiveCfg = Release|Any CPU
		{AFE305B8-B17E-498B-8CF7-4AD5AEE56193}.Release|iPhone.Build.0 = Release|Any CPU
		{AFE305B8-B17E-498B-8CF7-4AD5AEE56193}.Release|iPhoneSimulator.ActiveCfg = Release|Any CPU
		{AFE305B8-B17E-498B-8CF7-4AD5AEE56193}.Release|iPhoneSimulator.Build.0 = Release|Any CPU
		{AFE305B8-B17E-498B-8CF7-4AD5AEE56193}.Release|x64.ActiveCfg = Release|Any CPU
		{AFE305B8-B17E-498B-8CF7-4AD5AEE56193}.Release|x64.Build.0 = Release|Any CPU
		{AFE305B8-B17E-498B-8CF7-4AD5AEE56193}.Release|x86.ActiveCfg = Release|Any CPU
		{AFE305B8-B17E-498B-8CF7-4AD5AEE56193}.Release|x86.Build.0 = Release|Any CPU
		{05A36578-8DC2-4AFB-B77D-9F6DF6D57A8E}.Ad-Hoc|Any CPU.ActiveCfg = Debug|Any CPU
		{05A36578-8DC2-4AFB-B77D-9F6DF6D57A8E}.Ad-Hoc|Any CPU.Build.0 = Debug|Any CPU
		{05A36578-8DC2-4AFB-B77D-9F6DF6D57A8E}.Ad-Hoc|ARM.ActiveCfg = Debug|Any CPU
		{05A36578-8DC2-4AFB-B77D-9F6DF6D57A8E}.Ad-Hoc|ARM.Build.0 = Debug|Any CPU
		{05A36578-8DC2-4AFB-B77D-9F6DF6D57A8E}.Ad-Hoc|iPhone.ActiveCfg = Debug|Any CPU
		{05A36578-8DC2-4AFB-B77D-9F6DF6D57A8E}.Ad-Hoc|iPhone.Build.0 = Debug|Any CPU
		{05A36578-8DC2-4AFB-B77D-9F6DF6D57A8E}.Ad-Hoc|iPhoneSimulator.ActiveCfg = Debug|Any CPU
		{05A36578-8DC2-4AFB-B77D-9F6DF6D57A8E}.Ad-Hoc|iPhoneSimulator.Build.0 = Debug|Any CPU
		{05A36578-8DC2-4AFB-B77D-9F6DF6D57A8E}.Ad-Hoc|x64.ActiveCfg = Debug|Any CPU
		{05A36578-8DC2-4AFB-B77D-9F6DF6D57A8E}.Ad-Hoc|x64.Build.0 = Debug|Any CPU
		{05A36578-8DC2-4AFB-B77D-9F6DF6D57A8E}.Ad-Hoc|x86.ActiveCfg = Debug|Any CPU
		{05A36578-8DC2-4AFB-B77D-9F6DF6D57A8E}.Ad-Hoc|x86.Build.0 = Debug|Any CPU
		{05A36578-8DC2-4AFB-B77D-9F6DF6D57A8E}.AppStore|Any CPU.ActiveCfg = Debug|Any CPU
		{05A36578-8DC2-4AFB-B77D-9F6DF6D57A8E}.AppStore|Any CPU.Build.0 = Debug|Any CPU
		{05A36578-8DC2-4AFB-B77D-9F6DF6D57A8E}.AppStore|ARM.ActiveCfg = Debug|Any CPU
		{05A36578-8DC2-4AFB-B77D-9F6DF6D57A8E}.AppStore|ARM.Build.0 = Debug|Any CPU
		{05A36578-8DC2-4AFB-B77D-9F6DF6D57A8E}.AppStore|iPhone.ActiveCfg = Debug|Any CPU
		{05A36578-8DC2-4AFB-B77D-9F6DF6D57A8E}.AppStore|iPhone.Build.0 = Debug|Any CPU
		{05A36578-8DC2-4AFB-B77D-9F6DF6D57A8E}.AppStore|iPhoneSimulator.ActiveCfg = Debug|Any CPU
		{05A36578-8DC2-4AFB-B77D-9F6DF6D57A8E}.AppStore|iPhoneSimulator.Build.0 = Debug|Any CPU
		{05A36578-8DC2-4AFB-B77D-9F6DF6D57A8E}.AppStore|x64.ActiveCfg = Debug|Any CPU
		{05A36578-8DC2-4AFB-B77D-9F6DF6D57A8E}.AppStore|x64.Build.0 = Debug|Any CPU
		{05A36578-8DC2-4AFB-B77D-9F6DF6D57A8E}.AppStore|x86.ActiveCfg = Debug|Any CPU
		{05A36578-8DC2-4AFB-B77D-9F6DF6D57A8E}.AppStore|x86.Build.0 = Debug|Any CPU
		{05A36578-8DC2-4AFB-B77D-9F6DF6D57A8E}.Debug|Any CPU.ActiveCfg = Debug|Any CPU
		{05A36578-8DC2-4AFB-B77D-9F6DF6D57A8E}.Debug|Any CPU.Build.0 = Debug|Any CPU
		{05A36578-8DC2-4AFB-B77D-9F6DF6D57A8E}.Debug|ARM.ActiveCfg = Debug|Any CPU
		{05A36578-8DC2-4AFB-B77D-9F6DF6D57A8E}.Debug|ARM.Build.0 = Debug|Any CPU
		{05A36578-8DC2-4AFB-B77D-9F6DF6D57A8E}.Debug|iPhone.ActiveCfg = Debug|Any CPU
		{05A36578-8DC2-4AFB-B77D-9F6DF6D57A8E}.Debug|iPhone.Build.0 = Debug|Any CPU
		{05A36578-8DC2-4AFB-B77D-9F6DF6D57A8E}.Debug|iPhoneSimulator.ActiveCfg = Debug|Any CPU
		{05A36578-8DC2-4AFB-B77D-9F6DF6D57A8E}.Debug|iPhoneSimulator.Build.0 = Debug|Any CPU
		{05A36578-8DC2-4AFB-B77D-9F6DF6D57A8E}.Debug|x64.ActiveCfg = Debug|Any CPU
		{05A36578-8DC2-4AFB-B77D-9F6DF6D57A8E}.Debug|x64.Build.0 = Debug|Any CPU
		{05A36578-8DC2-4AFB-B77D-9F6DF6D57A8E}.Debug|x86.ActiveCfg = Debug|Any CPU
		{05A36578-8DC2-4AFB-B77D-9F6DF6D57A8E}.Debug|x86.Build.0 = Debug|Any CPU
		{05A36578-8DC2-4AFB-B77D-9F6DF6D57A8E}.Release|Any CPU.ActiveCfg = Release|Any CPU
		{05A36578-8DC2-4AFB-B77D-9F6DF6D57A8E}.Release|Any CPU.Build.0 = Release|Any CPU
		{05A36578-8DC2-4AFB-B77D-9F6DF6D57A8E}.Release|ARM.ActiveCfg = Release|Any CPU
		{05A36578-8DC2-4AFB-B77D-9F6DF6D57A8E}.Release|ARM.Build.0 = Release|Any CPU
		{05A36578-8DC2-4AFB-B77D-9F6DF6D57A8E}.Release|iPhone.ActiveCfg = Release|Any CPU
		{05A36578-8DC2-4AFB-B77D-9F6DF6D57A8E}.Release|iPhone.Build.0 = Release|Any CPU
		{05A36578-8DC2-4AFB-B77D-9F6DF6D57A8E}.Release|iPhoneSimulator.ActiveCfg = Release|Any CPU
		{05A36578-8DC2-4AFB-B77D-9F6DF6D57A8E}.Release|iPhoneSimulator.Build.0 = Release|Any CPU
		{05A36578-8DC2-4AFB-B77D-9F6DF6D57A8E}.Release|x64.ActiveCfg = Release|Any CPU
		{05A36578-8DC2-4AFB-B77D-9F6DF6D57A8E}.Release|x64.Build.0 = Release|Any CPU
		{05A36578-8DC2-4AFB-B77D-9F6DF6D57A8E}.Release|x86.ActiveCfg = Release|Any CPU
		{05A36578-8DC2-4AFB-B77D-9F6DF6D57A8E}.Release|x86.Build.0 = Release|Any CPU
	EndGlobalSection
	GlobalSection(SolutionProperties) = preSolution
		HideSolutionNode = FALSE
	EndGlobalSection
	GlobalSection(ExtensibilityGlobals) = postSolution
		SolutionGuid = {C17EAA1C-E351-4192-A587-20D62C4F4FCA}
	EndGlobalSection
EndGlobal
